// !$*UTF8*$!
{
	archiveVersion = 1;
	classes = {
	};
	objectVersion = 51;
	objects = {

/* Begin PBXBuildFile section */
		147F85A9236131640092A721 /* WEBaseViewController.m in Sources */ = {isa = PBXBuildFile; fileRef = 147F85A8236131630092A721 /* WEBaseViewController.m */; };
		147F85BB236133AC0092A721 /* JZDjPlayController.m in Sources */ = {isa = PBXBuildFile; fileRef = 147F85BA236133AC0092A721 /* JZDjPlayController.m */; };
		147F85BE236134210092A721 /* JZDjAccountController.m in Sources */ = {isa = PBXBuildFile; fileRef = 147F85BD236134210092A721 /* JZDjAccountController.m */; };
		147F85C1236134680092A721 /* JZDjSelectViewController.m in Sources */ = {isa = PBXBuildFile; fileRef = 147F85C0236134680092A721 /* JZDjSelectViewController.m */; };
		147F85C4236134950092A721 /* JZDjFrendsViewController.m in Sources */ = {isa = PBXBuildFile; fileRef = 147F85C3236134950092A721 /* JZDjFrendsViewController.m */; };
		147F85C7236134B40092A721 /* JZDjDanceViewController.m in Sources */ = {isa = PBXBuildFile; fileRef = 147F85C6236134B40092A721 /* JZDjDanceViewController.m */; };
		149543CE235FF33300E034FD /* Assets.xcassets in Resources */ = {isa = PBXBuildFile; fileRef = 149543C6235FF33300E034FD /* Assets.xcassets */; };
		149543CF235FF33300E034FD /* LaunchScreen.storyboard in Resources */ = {isa = PBXBuildFile; fileRef = 149543C7235FF33300E034FD /* LaunchScreen.storyboard */; };
		149543D9235FF46500E034FD /* main.m in Sources */ = {isa = PBXBuildFile; fileRef = 149543D6235FF46500E034FD /* main.m */; };
		149543DA235FF46500E034FD /* AppDelegate.m in Sources */ = {isa = PBXBuildFile; fileRef = 149543D7235FF46500E034FD /* AppDelegate.m */; };
		14954AF1236035B900E034FD /* UMAnalytics.framework in Frameworks */ = {isa = PBXBuildFile; fileRef = 14954AF0236035B900E034FD /* UMAnalytics.framework */; };
		14954AF4236035CA00E034FD /* UMCommon.framework in Frameworks */ = {isa = PBXBuildFile; fileRef = 14954AF3236035CA00E034FD /* UMCommon.framework */; };
		14954AF8236035DA00E034FD /* UMCommonLog.framework in Frameworks */ = {isa = PBXBuildFile; fileRef = 14954AF6236035DA00E034FD /* UMCommonLog.framework */; };
		14954B55236039EC00E034FD /* libresolv.tbd in Frameworks */ = {isa = PBXBuildFile; fileRef = 14954B52236039A800E034FD /* libresolv.tbd */; };
		14954B6723603F4E00E034FD /* CoreMotion.framework in Frameworks */ = {isa = PBXBuildFile; fileRef = 14954B6623603F4D00E034FD /* CoreMotion.framework */; };
		14954B6823603F8F00E034FD /* JZDjCommon.framework in Frameworks */ = {isa = PBXBuildFile; fileRef = 149543AA235FF00A00E034FD /* JZDjCommon.framework */; };
		14954B6923603F9000E034FD /* JZDjCommon.framework in Embed Frameworks */ = {isa = PBXBuildFile; fileRef = 149543AA235FF00A00E034FD /* JZDjCommon.framework */; settings = {ATTRIBUTES = (CodeSignOnCopy, RemoveHeadersOnCopy, ); }; };
		14954B6A23603F9000E034FD /* JZDjLib.framework in Frameworks */ = {isa = PBXBuildFile; fileRef = 149543AB235FF00A00E034FD /* JZDjLib.framework */; };
		14954B6B23603F9000E034FD /* JZDjLib.framework in Embed Frameworks */ = {isa = PBXBuildFile; fileRef = 149543AB235FF00A00E034FD /* JZDjLib.framework */; settings = {ATTRIBUTES = (CodeSignOnCopy, RemoveHeadersOnCopy, ); }; };
		14954B6E23603FB500E034FD /* Accelerate.framework in Frameworks */ = {isa = PBXBuildFile; fileRef = 14954B6D23603FB400E034FD /* Accelerate.framework */; };
		14954B7023603FBC00E034FD /* AdSupport.framework in Frameworks */ = {isa = PBXBuildFile; fileRef = 14954B6F23603FBC00E034FD /* AdSupport.framework */; };
		14954B7223603FC300E034FD /* CoreTelephony.framework in Frameworks */ = {isa = PBXBuildFile; fileRef = 14954B7123603FC300E034FD /* CoreTelephony.framework */; };
		14954B7723603FEE00E034FD /* CoreLocation.framework in Frameworks */ = {isa = PBXBuildFile; fileRef = 14954B7623603FEE00E034FD /* CoreLocation.framework */; };
		14954B7923603FF500E034FD /* AVFoundation.framework in Frameworks */ = {isa = PBXBuildFile; fileRef = 14954B7823603FF500E034FD /* AVFoundation.framework */; };
		14954B7D2360401100E034FD /* MobileCoreServices.framework in Frameworks */ = {isa = PBXBuildFile; fileRef = 14954B7C2360401100E034FD /* MobileCoreServices.framework */; };
		14954B7F2360401700E034FD /* SystemConfiguration.framework in Frameworks */ = {isa = PBXBuildFile; fileRef = 14954B7E2360401700E034FD /* SystemConfiguration.framework */; };
		14954B812360401D00E034FD /* WebKit.framework in Frameworks */ = {isa = PBXBuildFile; fileRef = 14954B802360401D00E034FD /* WebKit.framework */; };
		14954B832360402200E034FD /* StoreKit.framework in Frameworks */ = {isa = PBXBuildFile; fileRef = 14954B822360402200E034FD /* StoreKit.framework */; };
		14954B93236040E600E034FD /* UMCommonLog.framework in Frameworks */ = {isa = PBXBuildFile; fileRef = 14954B87236040E600E034FD /* UMCommonLog.framework */; };
		14954B94236040E600E034FD /* UMCommonLog.bundle in Resources */ = {isa = PBXBuildFile; fileRef = 14954B88236040E600E034FD /* UMCommonLog.bundle */; };
		14954B95236040E600E034FD /* jcore-ios-2.1.2.a in Frameworks */ = {isa = PBXBuildFile; fileRef = 14954B8A236040E600E034FD /* jcore-ios-2.1.2.a */; };
		14954B96236040E600E034FD /* jpush-ios-3.2.4.a in Frameworks */ = {isa = PBXBuildFile; fileRef = 14954B8B236040E600E034FD /* jpush-ios-3.2.4.a */; };
		14954B97236040E600E034FD /* UMCommon.framework in Frameworks */ = {isa = PBXBuildFile; fileRef = 14954B8F236040E600E034FD /* UMCommon.framework */; };
		14954B98236040E600E034FD /* UMAnalytics.framework in Frameworks */ = {isa = PBXBuildFile; fileRef = 14954B92236040E600E034FD /* UMAnalytics.framework */; };
		14954B9B236041CC00E034FD /* WEBaseNavView.m in Sources */ = {isa = PBXBuildFile; fileRef = 14954B9A236041CC00E034FD /* WEBaseNavView.m */; };
		14954B9E236041FD00E034FD /* WEBaseNavController.m in Sources */ = {isa = PBXBuildFile; fileRef = 14954B9C236041FB00E034FD /* WEBaseNavController.m */; };
		14954BAD23604BA800E034FD /* GKTabBar.m in Sources */ = {isa = PBXBuildFile; fileRef = 14954BA623604BA700E034FD /* GKTabBar.m */; };
		14954BAE23604BA800E034FD /* GKTestViewController.m in Sources */ = {isa = PBXBuildFile; fileRef = 14954BA823604BA700E034FD /* GKTestViewController.m */; };
		14954BAF23604BA800E034FD /* GKPlayerButton.m in Sources */ = {isa = PBXBuildFile; fileRef = 14954BAB23604BA700E034FD /* GKPlayerButton.m */; };
		14954BB023604BA800E034FD /* GKMainTabBarController.m in Sources */ = {isa = PBXBuildFile; fileRef = 14954BAC23604BA800E034FD /* GKMainTabBarController.m */; };
		14954C792360586F00E034FD /* AFNetworking.framework in Frameworks */ = {isa = PBXBuildFile; fileRef = 14954C762360586F00E034FD /* AFNetworking.framework */; };
		14954C7A2360586F00E034FD /* AFNetworking.framework in Embed Frameworks */ = {isa = PBXBuildFile; fileRef = 14954C762360586F00E034FD /* AFNetworking.framework */; settings = {ATTRIBUTES = (CodeSignOnCopy, RemoveHeadersOnCopy, ); }; };
		14954C7B2360586F00E034FD /* JZDjNetwork.framework in Frameworks */ = {isa = PBXBuildFile; fileRef = 14954C772360586F00E034FD /* JZDjNetwork.framework */; };
		14954C7C2360586F00E034FD /* JZDjNetwork.framework in Embed Frameworks */ = {isa = PBXBuildFile; fileRef = 14954C772360586F00E034FD /* JZDjNetwork.framework */; settings = {ATTRIBUTES = (CodeSignOnCopy, RemoveHeadersOnCopy, ); }; };
		14954C7D2360586F00E034FD /* JZDjUserNetwork.framework in Frameworks */ = {isa = PBXBuildFile; fileRef = 14954C782360586F00E034FD /* JZDjUserNetwork.framework */; };
		14954C7E2360586F00E034FD /* JZDjUserNetwork.framework in Embed Frameworks */ = {isa = PBXBuildFile; fileRef = 14954C782360586F00E034FD /* JZDjUserNetwork.framework */; settings = {ATTRIBUTES = (CodeSignOnCopy, RemoveHeadersOnCopy, ); }; };
		14954C8523605F6800E034FD /* AppDelegate+Extension.m in Sources */ = {isa = PBXBuildFile; fileRef = 14954C8423605F6800E034FD /* AppDelegate+Extension.m */; };
		18260D9D5FFC267E435321A8 /* libPods-JZDjMusicMainProject.a in Frameworks */ = {isa = PBXBuildFile; fileRef = ADF0771E25ED0696485EF7A6 /* libPods-JZDjMusicMainProject.a */; };
		573BBB3E2362991F0048678F /* dict.json in Resources */ = {isa = PBXBuildFile; fileRef = 573BBB3D2362991F0048678F /* dict.json */; };
		573BBB412362A3EF0048678F /* GKWYMusicControlView.m in Sources */ = {isa = PBXBuildFile; fileRef = 573BBB402362A3EF0048678F /* GKWYMusicControlView.m */; };
		573BBB442362A53D0048678F /* JZDMusicTool.m in Sources */ = {isa = PBXBuildFile; fileRef = 573BBB432362A53D0048678F /* JZDMusicTool.m */; };
		573BBB642362AF6F0048678F /* LICENSE in Resources */ = {isa = PBXBuildFile; fileRef = 573BBB4A2362AF6F0048678F /* LICENSE */; };
		573BBB652362AF6F0048678F /* NSLayoutConstraint+MASDebugAdditions.m in Sources */ = {isa = PBXBuildFile; fileRef = 573BBB4D2362AF6F0048678F /* NSLayoutConstraint+MASDebugAdditions.m */; };
		573BBB662362AF6F0048678F /* MASCompositeConstraint.m in Sources */ = {isa = PBXBuildFile; fileRef = 573BBB592362AF6F0048678F /* MASCompositeConstraint.m */; };
		573BBB672362AF6F0048678F /* MASConstraintMaker.m in Sources */ = {isa = PBXBuildFile; fileRef = 573BBB5A2362AF6F0048678F /* MASConstraintMaker.m */; };
		573BBB682362AF6F0048678F /* MASLayoutConstraint.m in Sources */ = {isa = PBXBuildFile; fileRef = 573BBB5B2362AF6F0048678F /* MASLayoutConstraint.m */; };
		573BBB692362AF6F0048678F /* NSArray+MASAdditions.m in Sources */ = {isa = PBXBuildFile; fileRef = 573BBB5C2362AF6F0048678F /* NSArray+MASAdditions.m */; };
		573BBB6A2362AF6F0048678F /* View+MASAdditions.m in Sources */ = {isa = PBXBuildFile; fileRef = 573BBB5D2362AF6F0048678F /* View+MASAdditions.m */; };
		573BBB6B2362AF6F0048678F /* MASConstraint.m in Sources */ = {isa = PBXBuildFile; fileRef = 573BBB602362AF6F0048678F /* MASConstraint.m */; };
		573BBB6C2362AF6F0048678F /* MASViewConstraint.m in Sources */ = {isa = PBXBuildFile; fileRef = 573BBB612362AF6F0048678F /* MASViewConstraint.m */; };
		573BBB6D2362AF6F0048678F /* MASViewAttribute.m in Sources */ = {isa = PBXBuildFile; fileRef = 573BBB622362AF6F0048678F /* MASViewAttribute.m */; };
		573BBB6E2362AF6F0048678F /* README.md in Resources */ = {isa = PBXBuildFile; fileRef = 573BBB632362AF6F0048678F /* README.md */; };
		579E242123618E52007E3597 /* JZDMusic.m in Sources */ = {isa = PBXBuildFile; fileRef = 579E242023618E52007E3597 /* JZDMusic.m */; };
		579E2425236193CB007E3597 /* GKAudioPlayer.m in Sources */ = {isa = PBXBuildFile; fileRef = 579E2424236193CB007E3597 /* GKAudioPlayer.m */; };
		579E245F2361A1BA007E3597 /* GKSliderView.m in Sources */ = {isa = PBXBuildFile; fileRef = 579E245D2361A1BA007E3597 /* GKSliderView.m */; };
		579E24622361A1D7007E3597 /* GKTimer.m in Sources */ = {isa = PBXBuildFile; fileRef = 579E24602361A1D7007E3597 /* GKTimer.m */; };
/* End PBXBuildFile section */

/* Begin PBXCopyFilesBuildPhase section */
		14954B6C23603F9000E034FD /* Embed Frameworks */ = {
			isa = PBXCopyFilesBuildPhase;
			buildActionMask = 2147483647;
			dstPath = "";
			dstSubfolderSpec = 10;
			files = (
				14954B6B23603F9000E034FD /* JZDjLib.framework in Embed Frameworks */,
				14954C7C2360586F00E034FD /* JZDjNetwork.framework in Embed Frameworks */,
				14954C7A2360586F00E034FD /* AFNetworking.framework in Embed Frameworks */,
				14954C7E2360586F00E034FD /* JZDjUserNetwork.framework in Embed Frameworks */,
				14954B6923603F9000E034FD /* JZDjCommon.framework in Embed Frameworks */,
			);
			name = "Embed Frameworks";
			runOnlyForDeploymentPostprocessing = 0;
		};
/* End PBXCopyFilesBuildPhase section */

/* Begin PBXFileReference section */
		147F85A7236131610092A721 /* WEBaseViewController.h */ = {isa = PBXFileReference; fileEncoding = 4; lastKnownFileType = sourcecode.c.h; path = WEBaseViewController.h; sourceTree = "<group>"; };
		147F85A8236131630092A721 /* WEBaseViewController.m */ = {isa = PBXFileReference; fileEncoding = 4; lastKnownFileType = sourcecode.c.objc; path = WEBaseViewController.m; sourceTree = "<group>"; };
		147F85B9236133AC0092A721 /* JZDjPlayController.h */ = {isa = PBXFileReference; lastKnownFileType = sourcecode.c.h; path = JZDjPlayController.h; sourceTree = "<group>"; };
		147F85BA236133AC0092A721 /* JZDjPlayController.m */ = {isa = PBXFileReference; lastKnownFileType = sourcecode.c.objc; path = JZDjPlayController.m; sourceTree = "<group>"; };
		147F85BC236134210092A721 /* JZDjAccountController.h */ = {isa = PBXFileReference; lastKnownFileType = sourcecode.c.h; path = JZDjAccountController.h; sourceTree = "<group>"; };
		147F85BD236134210092A721 /* JZDjAccountController.m */ = {isa = PBXFileReference; lastKnownFileType = sourcecode.c.objc; path = JZDjAccountController.m; sourceTree = "<group>"; };
		147F85BF236134680092A721 /* JZDjSelectViewController.h */ = {isa = PBXFileReference; lastKnownFileType = sourcecode.c.h; path = JZDjSelectViewController.h; sourceTree = "<group>"; };
		147F85C0236134680092A721 /* JZDjSelectViewController.m */ = {isa = PBXFileReference; lastKnownFileType = sourcecode.c.objc; path = JZDjSelectViewController.m; sourceTree = "<group>"; };
		147F85C2236134950092A721 /* JZDjFrendsViewController.h */ = {isa = PBXFileReference; lastKnownFileType = sourcecode.c.h; path = JZDjFrendsViewController.h; sourceTree = "<group>"; };
		147F85C3236134950092A721 /* JZDjFrendsViewController.m */ = {isa = PBXFileReference; lastKnownFileType = sourcecode.c.objc; path = JZDjFrendsViewController.m; sourceTree = "<group>"; };
		147F85C5236134B40092A721 /* JZDjDanceViewController.h */ = {isa = PBXFileReference; lastKnownFileType = sourcecode.c.h; path = JZDjDanceViewController.h; sourceTree = "<group>"; };
		147F85C6236134B40092A721 /* JZDjDanceViewController.m */ = {isa = PBXFileReference; lastKnownFileType = sourcecode.c.objc; path = JZDjDanceViewController.m; sourceTree = "<group>"; };
		14954387235FEBDE00E034FD /* 水晶Dj.app */ = {isa = PBXFileReference; explicitFileType = wrapper.application; includeInIndex = 0; path = "水晶Dj.app"; sourceTree = BUILT_PRODUCTS_DIR; };
		149543AA235FF00A00E034FD /* JZDjCommon.framework */ = {isa = PBXFileReference; explicitFileType = wrapper.framework; path = JZDjCommon.framework; sourceTree = BUILT_PRODUCTS_DIR; };
		149543AB235FF00A00E034FD /* JZDjLib.framework */ = {isa = PBXFileReference; explicitFileType = wrapper.framework; path = JZDjLib.framework; sourceTree = BUILT_PRODUCTS_DIR; };
		149543C6235FF33300E034FD /* Assets.xcassets */ = {isa = PBXFileReference; lastKnownFileType = folder.assetcatalog; path = Assets.xcassets; sourceTree = "<group>"; };
		149543C8235FF33300E034FD /* Base */ = {isa = PBXFileReference; lastKnownFileType = file.storyboard; name = Base; path = Base.lproj/LaunchScreen.storyboard; sourceTree = "<group>"; };
		149543D5235FF46500E034FD /* AppDelegate.h */ = {isa = PBXFileReference; fileEncoding = 4; lastKnownFileType = sourcecode.c.h; path = AppDelegate.h; sourceTree = "<group>"; };
		149543D6235FF46500E034FD /* main.m */ = {isa = PBXFileReference; fileEncoding = 4; lastKnownFileType = sourcecode.c.objc; path = main.m; sourceTree = "<group>"; };
		149543D7235FF46500E034FD /* AppDelegate.m */ = {isa = PBXFileReference; fileEncoding = 4; lastKnownFileType = sourcecode.c.objc; path = AppDelegate.m; sourceTree = "<group>"; };
		149543D8235FF46500E034FD /* Info.plist */ = {isa = PBXFileReference; fileEncoding = 4; lastKnownFileType = text.plist.xml; path = Info.plist; sourceTree = "<group>"; };
		14954ADF2360343200E034FD /* JZDjCommon.framework */ = {isa = PBXFileReference; explicitFileType = wrapper.framework; path = JZDjCommon.framework; sourceTree = BUILT_PRODUCTS_DIR; };
		14954AE02360343200E034FD /* JZDjLib.framework */ = {isa = PBXFileReference; explicitFileType = wrapper.framework; path = JZDjLib.framework; sourceTree = BUILT_PRODUCTS_DIR; };
		14954AF0236035B900E034FD /* UMAnalytics.framework */ = {isa = PBXFileReference; lastKnownFileType = wrapper.framework; name = UMAnalytics.framework; path = ../JZDjMusic/JZDjLib/JZDjLib/iOS/analytics/analytics_ios_6.0.5/UMAnalytics.framework; sourceTree = "<group>"; };
		14954AF3236035CA00E034FD /* UMCommon.framework */ = {isa = PBXFileReference; lastKnownFileType = wrapper.framework; name = UMCommon.framework; path = ../JZDjMusic/JZDjLib/JZDjLib/iOS/common/common_ios_2.1.1/normal/UMCommon.framework; sourceTree = "<group>"; };
		14954AF6236035DA00E034FD /* UMCommonLog.framework */ = {isa = PBXFileReference; lastKnownFileType = wrapper.framework; name = UMCommonLog.framework; path = ../JZDjMusic/JZDjLib/JZDjLib/iOS/umcommonlog/umcommonlog_ios_1.0.0/UMCommonLog.framework; sourceTree = "<group>"; };
		14954B52236039A800E034FD /* libresolv.tbd */ = {isa = PBXFileReference; lastKnownFileType = "sourcecode.text-based-dylib-definition"; name = libresolv.tbd; path = usr/lib/libresolv.tbd; sourceTree = SDKROOT; };
		14954B6623603F4D00E034FD /* CoreMotion.framework */ = {isa = PBXFileReference; lastKnownFileType = wrapper.framework; name = CoreMotion.framework; path = System/Library/Frameworks/CoreMotion.framework; sourceTree = SDKROOT; };
		14954B6D23603FB400E034FD /* Accelerate.framework */ = {isa = PBXFileReference; lastKnownFileType = wrapper.framework; name = Accelerate.framework; path = System/Library/Frameworks/Accelerate.framework; sourceTree = SDKROOT; };
		14954B6F23603FBC00E034FD /* AdSupport.framework */ = {isa = PBXFileReference; lastKnownFileType = wrapper.framework; name = AdSupport.framework; path = System/Library/Frameworks/AdSupport.framework; sourceTree = SDKROOT; };
		14954B7123603FC300E034FD /* CoreTelephony.framework */ = {isa = PBXFileReference; lastKnownFileType = wrapper.framework; name = CoreTelephony.framework; path = System/Library/Frameworks/CoreTelephony.framework; sourceTree = SDKROOT; };
		14954B7323603FD200E034FD /* libiconv.tbd */ = {isa = PBXFileReference; lastKnownFileType = "sourcecode.text-based-dylib-definition"; name = libiconv.tbd; path = usr/lib/libiconv.tbd; sourceTree = SDKROOT; };
		14954B7423603FDA00E034FD /* libicucore.tbd */ = {isa = PBXFileReference; lastKnownFileType = "sourcecode.text-based-dylib-definition"; name = libicucore.tbd; path = usr/lib/libicucore.tbd; sourceTree = SDKROOT; };
		14954B7523603FE200E034FD /* libsqlite3.tbd */ = {isa = PBXFileReference; lastKnownFileType = "sourcecode.text-based-dylib-definition"; name = libsqlite3.tbd; path = usr/lib/libsqlite3.tbd; sourceTree = SDKROOT; };
		14954B7623603FEE00E034FD /* CoreLocation.framework */ = {isa = PBXFileReference; lastKnownFileType = wrapper.framework; name = CoreLocation.framework; path = System/Library/Frameworks/CoreLocation.framework; sourceTree = SDKROOT; };
		14954B7823603FF500E034FD /* AVFoundation.framework */ = {isa = PBXFileReference; lastKnownFileType = wrapper.framework; name = AVFoundation.framework; path = System/Library/Frameworks/AVFoundation.framework; sourceTree = SDKROOT; };
		14954B7A23603FFF00E034FD /* libz.tbd */ = {isa = PBXFileReference; lastKnownFileType = "sourcecode.text-based-dylib-definition"; name = libz.tbd; path = usr/lib/libz.tbd; sourceTree = SDKROOT; };
		14954B7B2360400500E034FD /* libxml2.tbd */ = {isa = PBXFileReference; lastKnownFileType = "sourcecode.text-based-dylib-definition"; name = libxml2.tbd; path = usr/lib/libxml2.tbd; sourceTree = SDKROOT; };
		14954B7C2360401100E034FD /* MobileCoreServices.framework */ = {isa = PBXFileReference; lastKnownFileType = wrapper.framework; name = MobileCoreServices.framework; path = System/Library/Frameworks/MobileCoreServices.framework; sourceTree = SDKROOT; };
		14954B7E2360401700E034FD /* SystemConfiguration.framework */ = {isa = PBXFileReference; lastKnownFileType = wrapper.framework; name = SystemConfiguration.framework; path = System/Library/Frameworks/SystemConfiguration.framework; sourceTree = SDKROOT; };
		14954B802360401D00E034FD /* WebKit.framework */ = {isa = PBXFileReference; lastKnownFileType = wrapper.framework; name = WebKit.framework; path = System/Library/Frameworks/WebKit.framework; sourceTree = SDKROOT; };
		14954B822360402200E034FD /* StoreKit.framework */ = {isa = PBXFileReference; lastKnownFileType = wrapper.framework; name = StoreKit.framework; path = System/Library/Frameworks/StoreKit.framework; sourceTree = SDKROOT; };
		14954B87236040E600E034FD /* UMCommonLog.framework */ = {isa = PBXFileReference; lastKnownFileType = wrapper.framework; path = UMCommonLog.framework; sourceTree = "<group>"; };
		14954B88236040E600E034FD /* UMCommonLog.bundle */ = {isa = PBXFileReference; lastKnownFileType = "wrapper.plug-in"; path = UMCommonLog.bundle; sourceTree = "<group>"; };
		14954B8A236040E600E034FD /* jcore-ios-2.1.2.a */ = {isa = PBXFileReference; lastKnownFileType = archive.ar; path = "jcore-ios-2.1.2.a"; sourceTree = "<group>"; };
		14954B8B236040E600E034FD /* jpush-ios-3.2.4.a */ = {isa = PBXFileReference; lastKnownFileType = archive.ar; path = "jpush-ios-3.2.4.a"; sourceTree = "<group>"; };
		14954B8F236040E600E034FD /* UMCommon.framework */ = {isa = PBXFileReference; lastKnownFileType = wrapper.framework; path = UMCommon.framework; sourceTree = "<group>"; };
		14954B92236040E600E034FD /* UMAnalytics.framework */ = {isa = PBXFileReference; lastKnownFileType = wrapper.framework; path = UMAnalytics.framework; sourceTree = "<group>"; };
		14954B99236041CB00E034FD /* WEBaseNavView.h */ = {isa = PBXFileReference; fileEncoding = 4; lastKnownFileType = sourcecode.c.h; path = WEBaseNavView.h; sourceTree = "<group>"; };
		14954B9A236041CC00E034FD /* WEBaseNavView.m */ = {isa = PBXFileReference; fileEncoding = 4; lastKnownFileType = sourcecode.c.objc; path = WEBaseNavView.m; sourceTree = "<group>"; };
		14954B9C236041FB00E034FD /* WEBaseNavController.m */ = {isa = PBXFileReference; fileEncoding = 4; lastKnownFileType = sourcecode.c.objc; path = WEBaseNavController.m; sourceTree = "<group>"; };
		14954B9D236041FC00E034FD /* WEBaseNavController.h */ = {isa = PBXFileReference; fileEncoding = 4; lastKnownFileType = sourcecode.c.h; path = WEBaseNavController.h; sourceTree = "<group>"; };
		14954B9F2360425B00E034FD /* JZDjMusicPrefixHeader.pch */ = {isa = PBXFileReference; lastKnownFileType = sourcecode.c.h; path = JZDjMusicPrefixHeader.pch; sourceTree = "<group>"; };
		14954BA523604BA700E034FD /* GKMainTabBarController.h */ = {isa = PBXFileReference; fileEncoding = 4; lastKnownFileType = sourcecode.c.h; path = GKMainTabBarController.h; sourceTree = "<group>"; };
		14954BA623604BA700E034FD /* GKTabBar.m */ = {isa = PBXFileReference; fileEncoding = 4; lastKnownFileType = sourcecode.c.objc; path = GKTabBar.m; sourceTree = "<group>"; };
		14954BA723604BA700E034FD /* GKTestViewController.h */ = {isa = PBXFileReference; fileEncoding = 4; lastKnownFileType = sourcecode.c.h; path = GKTestViewController.h; sourceTree = "<group>"; };
		14954BA823604BA700E034FD /* GKTestViewController.m */ = {isa = PBXFileReference; fileEncoding = 4; lastKnownFileType = sourcecode.c.objc; path = GKTestViewController.m; sourceTree = "<group>"; };
		14954BA923604BA700E034FD /* GKTabBar.h */ = {isa = PBXFileReference; fileEncoding = 4; lastKnownFileType = sourcecode.c.h; path = GKTabBar.h; sourceTree = "<group>"; };
		14954BAA23604BA700E034FD /* GKPlayerButton.h */ = {isa = PBXFileReference; fileEncoding = 4; lastKnownFileType = sourcecode.c.h; path = GKPlayerButton.h; sourceTree = "<group>"; };
		14954BAB23604BA700E034FD /* GKPlayerButton.m */ = {isa = PBXFileReference; fileEncoding = 4; lastKnownFileType = sourcecode.c.objc; path = GKPlayerButton.m; sourceTree = "<group>"; };
		14954BAC23604BA800E034FD /* GKMainTabBarController.m */ = {isa = PBXFileReference; fileEncoding = 4; lastKnownFileType = sourcecode.c.objc; path = GKMainTabBarController.m; sourceTree = "<group>"; };
		14954C762360586F00E034FD /* AFNetworking.framework */ = {isa = PBXFileReference; explicitFileType = wrapper.framework; path = AFNetworking.framework; sourceTree = BUILT_PRODUCTS_DIR; };
		14954C772360586F00E034FD /* JZDjNetwork.framework */ = {isa = PBXFileReference; explicitFileType = wrapper.framework; path = JZDjNetwork.framework; sourceTree = BUILT_PRODUCTS_DIR; };
		14954C782360586F00E034FD /* JZDjUserNetwork.framework */ = {isa = PBXFileReference; explicitFileType = wrapper.framework; path = JZDjUserNetwork.framework; sourceTree = BUILT_PRODUCTS_DIR; };
		14954C8323605F6800E034FD /* AppDelegate+Extension.h */ = {isa = PBXFileReference; fileEncoding = 4; lastKnownFileType = sourcecode.c.h; path = "AppDelegate+Extension.h"; sourceTree = "<group>"; };
		14954C8423605F6800E034FD /* AppDelegate+Extension.m */ = {isa = PBXFileReference; fileEncoding = 4; lastKnownFileType = sourcecode.c.objc; path = "AppDelegate+Extension.m"; sourceTree = "<group>"; };
		4D585F27417011D753F4C13C /* Pods-JZDjMusicMainProject.release.xcconfig */ = {isa = PBXFileReference; includeInIndex = 1; lastKnownFileType = text.xcconfig; name = "Pods-JZDjMusicMainProject.release.xcconfig"; path = "Target Support Files/Pods-JZDjMusicMainProject/Pods-JZDjMusicMainProject.release.xcconfig"; sourceTree = "<group>"; };
		5069288AC1391C5B80BB0236 /* Pods-JZDjMusicMainProject.debug.xcconfig */ = {isa = PBXFileReference; includeInIndex = 1; lastKnownFileType = text.xcconfig; name = "Pods-JZDjMusicMainProject.debug.xcconfig"; path = "Target Support Files/Pods-JZDjMusicMainProject/Pods-JZDjMusicMainProject.debug.xcconfig"; sourceTree = "<group>"; };
		573BBB3D2362991F0048678F /* dict.json */ = {isa = PBXFileReference; fileEncoding = 4; lastKnownFileType = text.json; path = dict.json; sourceTree = "<group>"; };
		573BBB3F2362A3EF0048678F /* GKWYMusicControlView.h */ = {isa = PBXFileReference; fileEncoding = 4; lastKnownFileType = sourcecode.c.h; path = GKWYMusicControlView.h; sourceTree = "<group>"; };
		573BBB402362A3EF0048678F /* GKWYMusicControlView.m */ = {isa = PBXFileReference; fileEncoding = 4; lastKnownFileType = sourcecode.c.objc; path = GKWYMusicControlView.m; sourceTree = "<group>"; };
		573BBB422362A53D0048678F /* JZDMusicTool.h */ = {isa = PBXFileReference; lastKnownFileType = sourcecode.c.h; path = JZDMusicTool.h; sourceTree = "<group>"; };
		573BBB432362A53D0048678F /* JZDMusicTool.m */ = {isa = PBXFileReference; lastKnownFileType = sourcecode.c.objc; path = JZDMusicTool.m; sourceTree = "<group>"; };
		573BBB4A2362AF6F0048678F /* LICENSE */ = {isa = PBXFileReference; fileEncoding = 4; lastKnownFileType = text; path = LICENSE; sourceTree = "<group>"; };
		573BBB4C2362AF6F0048678F /* MASCompositeConstraint.h */ = {isa = PBXFileReference; fileEncoding = 4; lastKnownFileType = sourcecode.c.h; path = MASCompositeConstraint.h; sourceTree = "<group>"; };
		573BBB4D2362AF6F0048678F /* NSLayoutConstraint+MASDebugAdditions.m */ = {isa = PBXFileReference; fileEncoding = 4; lastKnownFileType = sourcecode.c.objc; path = "NSLayoutConstraint+MASDebugAdditions.m"; sourceTree = "<group>"; };
		573BBB4E2362AF6F0048678F /* MASConstraint+Private.h */ = {isa = PBXFileReference; fileEncoding = 4; lastKnownFileType = sourcecode.c.h; path = "MASConstraint+Private.h"; sourceTree = "<group>"; };
		573BBB4F2362AF6F0048678F /* MASLayoutConstraint.h */ = {isa = PBXFileReference; fileEncoding = 4; lastKnownFileType = sourcecode.c.h; path = MASLayoutConstraint.h; sourceTree = "<group>"; };
		573BBB502362AF6F0048678F /* NSArray+MASShorthandAdditions.h */ = {isa = PBXFileReference; fileEncoding = 4; lastKnownFileType = sourcecode.c.h; path = "NSArray+MASShorthandAdditions.h"; sourceTree = "<group>"; };
		573BBB512362AF6F0048678F /* MASConstraintMaker.h */ = {isa = PBXFileReference; fileEncoding = 4; lastKnownFileType = sourcecode.c.h; path = MASConstraintMaker.h; sourceTree = "<group>"; };
		573BBB522362AF6F0048678F /* View+MASAdditions.h */ = {isa = PBXFileReference; fileEncoding = 4; lastKnownFileType = sourcecode.c.h; path = "View+MASAdditions.h"; sourceTree = "<group>"; };
		573BBB532362AF6F0048678F /* NSArray+MASAdditions.h */ = {isa = PBXFileReference; fileEncoding = 4; lastKnownFileType = sourcecode.c.h; path = "NSArray+MASAdditions.h"; sourceTree = "<group>"; };
		573BBB542362AF6F0048678F /* MASUtilities.h */ = {isa = PBXFileReference; fileEncoding = 4; lastKnownFileType = sourcecode.c.h; path = MASUtilities.h; sourceTree = "<group>"; };
		573BBB552362AF6F0048678F /* MASViewAttribute.h */ = {isa = PBXFileReference; fileEncoding = 4; lastKnownFileType = sourcecode.c.h; path = MASViewAttribute.h; sourceTree = "<group>"; };
		573BBB562362AF6F0048678F /* MASViewConstraint.h */ = {isa = PBXFileReference; fileEncoding = 4; lastKnownFileType = sourcecode.c.h; path = MASViewConstraint.h; sourceTree = "<group>"; };
		573BBB572362AF6F0048678F /* MASConstraint.h */ = {isa = PBXFileReference; fileEncoding = 4; lastKnownFileType = sourcecode.c.h; path = MASConstraint.h; sourceTree = "<group>"; };
		573BBB582362AF6F0048678F /* NSLayoutConstraint+MASDebugAdditions.h */ = {isa = PBXFileReference; fileEncoding = 4; lastKnownFileType = sourcecode.c.h; path = "NSLayoutConstraint+MASDebugAdditions.h"; sourceTree = "<group>"; };
		573BBB592362AF6F0048678F /* MASCompositeConstraint.m */ = {isa = PBXFileReference; fileEncoding = 4; lastKnownFileType = sourcecode.c.objc; path = MASCompositeConstraint.m; sourceTree = "<group>"; };
		573BBB5A2362AF6F0048678F /* MASConstraintMaker.m */ = {isa = PBXFileReference; fileEncoding = 4; lastKnownFileType = sourcecode.c.objc; path = MASConstraintMaker.m; sourceTree = "<group>"; };
		573BBB5B2362AF6F0048678F /* MASLayoutConstraint.m */ = {isa = PBXFileReference; fileEncoding = 4; lastKnownFileType = sourcecode.c.objc; path = MASLayoutConstraint.m; sourceTree = "<group>"; };
		573BBB5C2362AF6F0048678F /* NSArray+MASAdditions.m */ = {isa = PBXFileReference; fileEncoding = 4; lastKnownFileType = sourcecode.c.objc; path = "NSArray+MASAdditions.m"; sourceTree = "<group>"; };
		573BBB5D2362AF6F0048678F /* View+MASAdditions.m */ = {isa = PBXFileReference; fileEncoding = 4; lastKnownFileType = sourcecode.c.objc; path = "View+MASAdditions.m"; sourceTree = "<group>"; };
		573BBB5E2362AF6F0048678F /* View+MASShorthandAdditions.h */ = {isa = PBXFileReference; fileEncoding = 4; lastKnownFileType = sourcecode.c.h; path = "View+MASShorthandAdditions.h"; sourceTree = "<group>"; };
		573BBB5F2362AF6F0048678F /* Masonry.h */ = {isa = PBXFileReference; fileEncoding = 4; lastKnownFileType = sourcecode.c.h; path = Masonry.h; sourceTree = "<group>"; };
		573BBB602362AF6F0048678F /* MASConstraint.m */ = {isa = PBXFileReference; fileEncoding = 4; lastKnownFileType = sourcecode.c.objc; path = MASConstraint.m; sourceTree = "<group>"; };
		573BBB612362AF6F0048678F /* MASViewConstraint.m */ = {isa = PBXFileReference; fileEncoding = 4; lastKnownFileType = sourcecode.c.objc; path = MASViewConstraint.m; sourceTree = "<group>"; };
		573BBB622362AF6F0048678F /* MASViewAttribute.m */ = {isa = PBXFileReference; fileEncoding = 4; lastKnownFileType = sourcecode.c.objc; path = MASViewAttribute.m; sourceTree = "<group>"; };
		573BBB632362AF6F0048678F /* README.md */ = {isa = PBXFileReference; fileEncoding = 4; lastKnownFileType = net.daringfireball.markdown; path = README.md; sourceTree = "<group>"; };
		579E241F23618E52007E3597 /* JZDMusic.h */ = {isa = PBXFileReference; lastKnownFileType = sourcecode.c.h; path = JZDMusic.h; sourceTree = "<group>"; };
		579E242023618E52007E3597 /* JZDMusic.m */ = {isa = PBXFileReference; lastKnownFileType = sourcecode.c.objc; path = JZDMusic.m; sourceTree = "<group>"; };
		579E2423236193CB007E3597 /* GKAudioPlayer.h */ = {isa = PBXFileReference; fileEncoding = 4; lastKnownFileType = sourcecode.c.h; path = GKAudioPlayer.h; sourceTree = "<group>"; };
		579E2424236193CB007E3597 /* GKAudioPlayer.m */ = {isa = PBXFileReference; fileEncoding = 4; lastKnownFileType = sourcecode.c.objc; path = GKAudioPlayer.m; sourceTree = "<group>"; };
		579E245D2361A1BA007E3597 /* GKSliderView.m */ = {isa = PBXFileReference; fileEncoding = 4; lastKnownFileType = sourcecode.c.objc; path = GKSliderView.m; sourceTree = "<group>"; };
		579E245E2361A1BA007E3597 /* GKSliderView.h */ = {isa = PBXFileReference; fileEncoding = 4; lastKnownFileType = sourcecode.c.h; path = GKSliderView.h; sourceTree = "<group>"; };
		579E24602361A1D7007E3597 /* GKTimer.m */ = {isa = PBXFileReference; fileEncoding = 4; lastKnownFileType = sourcecode.c.objc; path = GKTimer.m; sourceTree = "<group>"; };
		579E24612361A1D7007E3597 /* GKTimer.h */ = {isa = PBXFileReference; fileEncoding = 4; lastKnownFileType = sourcecode.c.h; path = GKTimer.h; sourceTree = "<group>"; };
		ADF0771E25ED0696485EF7A6 /* libPods-JZDjMusicMainProject.a */ = {isa = PBXFileReference; explicitFileType = archive.ar; includeInIndex = 0; path = "libPods-JZDjMusicMainProject.a"; sourceTree = BUILT_PRODUCTS_DIR; };
/* End PBXFileReference section */

/* Begin PBXFrameworksBuildPhase section */
		14954384235FEBDE00E034FD /* Frameworks */ = {
			isa = PBXFrameworksBuildPhase;
			buildActionMask = 2147483647;
			files = (
				14954B55236039EC00E034FD /* libresolv.tbd in Frameworks */,
				14954B6E23603FB500E034FD /* Accelerate.framework in Frameworks */,
				14954AF4236035CA00E034FD /* UMCommon.framework in Frameworks */,
				14954B97236040E600E034FD /* UMCommon.framework in Frameworks */,
				14954B7723603FEE00E034FD /* CoreLocation.framework in Frameworks */,
				14954C7B2360586F00E034FD /* JZDjNetwork.framework in Frameworks */,
				18260D9D5FFC267E435321A8 /* libPods-JZDjMusicMainProject.a in Frameworks */,
				14954B6723603F4E00E034FD /* CoreMotion.framework in Frameworks */,
				14954C7D2360586F00E034FD /* JZDjUserNetwork.framework in Frameworks */,
				14954B7223603FC300E034FD /* CoreTelephony.framework in Frameworks */,
				14954B6A23603F9000E034FD /* JZDjLib.framework in Frameworks */,
				14954B812360401D00E034FD /* WebKit.framework in Frameworks */,
				14954B6823603F8F00E034FD /* JZDjCommon.framework in Frameworks */,
				14954B7923603FF500E034FD /* AVFoundation.framework in Frameworks */,
				14954AF8236035DA00E034FD /* UMCommonLog.framework in Frameworks */,
				14954B96236040E600E034FD /* jpush-ios-3.2.4.a in Frameworks */,
				14954C792360586F00E034FD /* AFNetworking.framework in Frameworks */,
				14954B95236040E600E034FD /* jcore-ios-2.1.2.a in Frameworks */,
				14954B93236040E600E034FD /* UMCommonLog.framework in Frameworks */,
				14954B832360402200E034FD /* StoreKit.framework in Frameworks */,
				14954B7F2360401700E034FD /* SystemConfiguration.framework in Frameworks */,
				14954B7D2360401100E034FD /* MobileCoreServices.framework in Frameworks */,
				14954AF1236035B900E034FD /* UMAnalytics.framework in Frameworks */,
				14954B7023603FBC00E034FD /* AdSupport.framework in Frameworks */,
				14954B98236040E600E034FD /* UMAnalytics.framework in Frameworks */,
			);
			runOnlyForDeploymentPostprocessing = 0;
		};
/* End PBXFrameworksBuildPhase section */

/* Begin PBXGroup section */
		147F85AA236133610092A721 /* Model */ = {
			isa = PBXGroup;
			children = (
			);
			path = Model;
			sourceTree = "<group>";
		};
		147F85AB236133610092A721 /* Controller */ = {
			isa = PBXGroup;
			children = (
				147F85C5236134B40092A721 /* JZDjDanceViewController.h */,
				147F85C6236134B40092A721 /* JZDjDanceViewController.m */,
			);
			path = Controller;
			sourceTree = "<group>";
		};
		147F85AC236133610092A721 /* View */ = {
			isa = PBXGroup;
			children = (
			);
			path = View;
			sourceTree = "<group>";
		};
		147F85AD236133680092A721 /* Model */ = {
			isa = PBXGroup;
			children = (
			);
			path = Model;
			sourceTree = "<group>";
		};
		147F85AE236133680092A721 /* View */ = {
			isa = PBXGroup;
			children = (
			);
			path = View;
			sourceTree = "<group>";
		};
		147F85AF236133680092A721 /* Controller */ = {
			isa = PBXGroup;
			children = (
				147F85C2236134950092A721 /* JZDjFrendsViewController.h */,
				147F85C3236134950092A721 /* JZDjFrendsViewController.m */,
			);
			path = Controller;
			sourceTree = "<group>";
		};
		147F85B02361337E0092A721 /* Model */ = {
			isa = PBXGroup;
			children = (
			);
			path = Model;
			sourceTree = "<group>";
		};
		147F85B12361337F0092A721 /* View */ = {
			isa = PBXGroup;
			children = (
			);
			path = View;
			sourceTree = "<group>";
		};
		147F85B22361337F0092A721 /* Controller */ = {
			isa = PBXGroup;
			children = (
				147F85BF236134680092A721 /* JZDjSelectViewController.h */,
				147F85C0236134680092A721 /* JZDjSelectViewController.m */,
<<<<<<< HEAD
				573BBB3D2362991F0048678F /* dict.json */,
=======
>>>>>>> e5ee1feca3be056b9d95d092b05bc1e86ab03cde
			);
			path = Controller;
			sourceTree = "<group>";
		};
		147F85B32361338A0092A721 /* View */ = {
			isa = PBXGroup;
			children = (
			);
			path = View;
			sourceTree = "<group>";
		};
		147F85B42361338A0092A721 /* Model */ = {
			isa = PBXGroup;
			children = (
			);
			path = Model;
			sourceTree = "<group>";
		};
		147F85B52361338A0092A721 /* Controller */ = {
			isa = PBXGroup;
			children = (
				147F85BC236134210092A721 /* JZDjAccountController.h */,
				147F85BD236134210092A721 /* JZDjAccountController.m */,
			);
			path = Controller;
			sourceTree = "<group>";
		};
		147F85B6236133900092A721 /* Model */ = {
			isa = PBXGroup;
			children = (
<<<<<<< HEAD
				579E241F23618E52007E3597 /* JZDMusic.h */,
				579E242023618E52007E3597 /* JZDMusic.m */,
=======
>>>>>>> e5ee1feca3be056b9d95d092b05bc1e86ab03cde
			);
			path = Model;
			sourceTree = "<group>";
		};
		147F85B7236133900092A721 /* View */ = {
			isa = PBXGroup;
			children = (
			);
			path = View;
			sourceTree = "<group>";
		};
		147F85B8236133900092A721 /* Controller */ = {
			isa = PBXGroup;
			children = (
				147F85B9236133AC0092A721 /* JZDjPlayController.h */,
				147F85BA236133AC0092A721 /* JZDjPlayController.m */,
			);
			path = Controller;
			sourceTree = "<group>";
		};
		1495437E235FEBDE00E034FD = {
			isa = PBXGroup;
			children = (
				14954389235FEBDE00E034FD /* JZDjMusicMainProject */,
				14954388235FEBDE00E034FD /* Products */,
				149543A9235FF00A00E034FD /* Frameworks */,
				337DEF0720B5D9FE7758D959 /* Pods */,
			);
			sourceTree = "<group>";
		};
		14954388235FEBDE00E034FD /* Products */ = {
			isa = PBXGroup;
			children = (
				14954387235FEBDE00E034FD /* 水晶Dj.app */,
			);
			name = Products;
			sourceTree = "<group>";
		};
		14954389235FEBDE00E034FD /* JZDjMusicMainProject */ = {
			isa = PBXGroup;
			children = (
				14954481236021DD00E034FD /* Commen */,
				14954482236021DD00E034FD /* Sources */,
				14954480236021DD00E034FD /* Vender */,
				149543D8235FF46500E034FD /* Info.plist */,
				149543D4235FF46500E034FD /* Other */,
				149543C5235FF33300E034FD /* Resources */,
			);
			path = JZDjMusicMainProject;
			sourceTree = "<group>";
		};
		149543A9235FF00A00E034FD /* Frameworks */ = {
			isa = PBXGroup;
			children = (
				14954C762360586F00E034FD /* AFNetworking.framework */,
				14954C772360586F00E034FD /* JZDjNetwork.framework */,
				14954C782360586F00E034FD /* JZDjUserNetwork.framework */,
				14954B822360402200E034FD /* StoreKit.framework */,
				14954B802360401D00E034FD /* WebKit.framework */,
				14954B7E2360401700E034FD /* SystemConfiguration.framework */,
				14954B7C2360401100E034FD /* MobileCoreServices.framework */,
				14954B7B2360400500E034FD /* libxml2.tbd */,
				14954B7A23603FFF00E034FD /* libz.tbd */,
				14954B7823603FF500E034FD /* AVFoundation.framework */,
				14954B7623603FEE00E034FD /* CoreLocation.framework */,
				14954B7523603FE200E034FD /* libsqlite3.tbd */,
				14954B7423603FDA00E034FD /* libicucore.tbd */,
				14954B7323603FD200E034FD /* libiconv.tbd */,
				14954B7123603FC300E034FD /* CoreTelephony.framework */,
				14954B6F23603FBC00E034FD /* AdSupport.framework */,
				14954B6D23603FB400E034FD /* Accelerate.framework */,
				14954B6623603F4D00E034FD /* CoreMotion.framework */,
				14954B52236039A800E034FD /* libresolv.tbd */,
				14954AF6236035DA00E034FD /* UMCommonLog.framework */,
				14954AF3236035CA00E034FD /* UMCommon.framework */,
				14954AF0236035B900E034FD /* UMAnalytics.framework */,
				14954ADF2360343200E034FD /* JZDjCommon.framework */,
				14954AE02360343200E034FD /* JZDjLib.framework */,
				149543AA235FF00A00E034FD /* JZDjCommon.framework */,
				149543AB235FF00A00E034FD /* JZDjLib.framework */,
				ADF0771E25ED0696485EF7A6 /* libPods-JZDjMusicMainProject.a */,
			);
			name = Frameworks;
			sourceTree = "<group>";
		};
		149543C5235FF33300E034FD /* Resources */ = {
			isa = PBXGroup;
			children = (
				149543C6235FF33300E034FD /* Assets.xcassets */,
				149543C7235FF33300E034FD /* LaunchScreen.storyboard */,
			);
			path = Resources;
			sourceTree = "<group>";
		};
		149543D4235FF46500E034FD /* Other */ = {
			isa = PBXGroup;
			children = (
				14954C8323605F6800E034FD /* AppDelegate+Extension.h */,
				14954C8423605F6800E034FD /* AppDelegate+Extension.m */,
				149543D5235FF46500E034FD /* AppDelegate.h */,
				149543D7235FF46500E034FD /* AppDelegate.m */,
				149543D6235FF46500E034FD /* main.m */,
				14954B9F2360425B00E034FD /* JZDjMusicPrefixHeader.pch */,
			);
			path = Other;
			sourceTree = "<group>";
		};
		14954480236021DD00E034FD /* Vender */ = {
			isa = PBXGroup;
			children = (
				573BBB492362AF6F0048678F /* Masonry */,
				14954B84236040E600E034FD /* JZDjLibiOS */,
			);
			path = Vender;
			sourceTree = "<group>";
		};
		14954481236021DD00E034FD /* Commen */ = {
			isa = PBXGroup;
			children = (
				149544882360220900E034FD /* BaseView */,
			);
			path = Commen;
			sourceTree = "<group>";
		};
		14954482236021DD00E034FD /* Sources */ = {
			isa = PBXGroup;
			children = (
				14954483236021DD00E034FD /* Dance */,
				14954484236021DD00E034FD /* Friends */,
				14954485236021DD00E034FD /* Select */,
				14954486236021DD00E034FD /* Account */,
				14954487236021DD00E034FD /* Play */,
			);
			path = Sources;
			sourceTree = "<group>";
		};
		14954483236021DD00E034FD /* Dance */ = {
			isa = PBXGroup;
			children = (
				147F85AB236133610092A721 /* Controller */,
				147F85AA236133610092A721 /* Model */,
				147F85AC236133610092A721 /* View */,
			);
			path = Dance;
			sourceTree = "<group>";
		};
		14954484236021DD00E034FD /* Friends */ = {
			isa = PBXGroup;
			children = (
				147F85AF236133680092A721 /* Controller */,
				147F85AD236133680092A721 /* Model */,
				147F85AE236133680092A721 /* View */,
			);
			path = Friends;
			sourceTree = "<group>";
		};
		14954485236021DD00E034FD /* Select */ = {
			isa = PBXGroup;
			children = (
				147F85B22361337F0092A721 /* Controller */,
				147F85B02361337E0092A721 /* Model */,
				147F85B12361337F0092A721 /* View */,
			);
			path = Select;
			sourceTree = "<group>";
		};
		14954486236021DD00E034FD /* Account */ = {
			isa = PBXGroup;
			children = (
				147F85B52361338A0092A721 /* Controller */,
				147F85B42361338A0092A721 /* Model */,
				147F85B32361338A0092A721 /* View */,
			);
			path = Account;
			sourceTree = "<group>";
		};
		14954487236021DD00E034FD /* Play */ = {
			isa = PBXGroup;
			children = (
				147F85B8236133900092A721 /* Controller */,
				147F85B6236133900092A721 /* Model */,
				147F85B7236133900092A721 /* View */,
<<<<<<< HEAD
				579E2422236193B5007E3597 /* PlayFile */,
=======
>>>>>>> e5ee1feca3be056b9d95d092b05bc1e86ab03cde
			);
			path = Play;
			sourceTree = "<group>";
		};
		149544882360220900E034FD /* BaseView */ = {
			isa = PBXGroup;
			children = (
				147F85A7236131610092A721 /* WEBaseViewController.h */,
				147F85A8236131630092A721 /* WEBaseViewController.m */,
				14954BA523604BA700E034FD /* GKMainTabBarController.h */,
				14954BAC23604BA800E034FD /* GKMainTabBarController.m */,
				14954BAA23604BA700E034FD /* GKPlayerButton.h */,
				14954BAB23604BA700E034FD /* GKPlayerButton.m */,
				14954BA923604BA700E034FD /* GKTabBar.h */,
				14954BA623604BA700E034FD /* GKTabBar.m */,
				14954BA723604BA700E034FD /* GKTestViewController.h */,
				14954BA823604BA700E034FD /* GKTestViewController.m */,
				14954B9D236041FC00E034FD /* WEBaseNavController.h */,
				14954B9C236041FB00E034FD /* WEBaseNavController.m */,
				14954B99236041CB00E034FD /* WEBaseNavView.h */,
				14954B9A236041CC00E034FD /* WEBaseNavView.m */,
			);
			path = BaseView;
			sourceTree = "<group>";
		};
		14954B84236040E600E034FD /* JZDjLibiOS */ = {
			isa = PBXGroup;
			children = (
				14954B85236040E600E034FD /* umcommonlog */,
				14954B89236040E600E034FD /* JPushSDK */,
				14954B8C236040E600E034FD /* common */,
				14954B90236040E600E034FD /* analytics */,
			);
			path = JZDjLibiOS;
			sourceTree = "<group>";
		};
		14954B85236040E600E034FD /* umcommonlog */ = {
			isa = PBXGroup;
			children = (
				14954B86236040E600E034FD /* umcommonlog_ios_1.0.0 */,
			);
			path = umcommonlog;
			sourceTree = "<group>";
		};
		14954B86236040E600E034FD /* umcommonlog_ios_1.0.0 */ = {
			isa = PBXGroup;
			children = (
				14954B87236040E600E034FD /* UMCommonLog.framework */,
				14954B88236040E600E034FD /* UMCommonLog.bundle */,
			);
			path = umcommonlog_ios_1.0.0;
			sourceTree = "<group>";
		};
		14954B89236040E600E034FD /* JPushSDK */ = {
			isa = PBXGroup;
			children = (
				14954B8A236040E600E034FD /* jcore-ios-2.1.2.a */,
				14954B8B236040E600E034FD /* jpush-ios-3.2.4.a */,
			);
			path = JPushSDK;
			sourceTree = "<group>";
		};
		14954B8C236040E600E034FD /* common */ = {
			isa = PBXGroup;
			children = (
				14954B8D236040E600E034FD /* common_ios_2.1.1 */,
			);
			path = common;
			sourceTree = "<group>";
		};
		14954B8D236040E600E034FD /* common_ios_2.1.1 */ = {
			isa = PBXGroup;
			children = (
				14954B8E236040E600E034FD /* normal */,
			);
			path = common_ios_2.1.1;
			sourceTree = "<group>";
		};
		14954B8E236040E600E034FD /* normal */ = {
			isa = PBXGroup;
			children = (
				14954B8F236040E600E034FD /* UMCommon.framework */,
			);
			path = normal;
			sourceTree = "<group>";
		};
		14954B90236040E600E034FD /* analytics */ = {
			isa = PBXGroup;
			children = (
				14954B91236040E600E034FD /* analytics_ios_6.0.5 */,
			);
			path = analytics;
			sourceTree = "<group>";
		};
		14954B91236040E600E034FD /* analytics_ios_6.0.5 */ = {
			isa = PBXGroup;
			children = (
				14954B92236040E600E034FD /* UMAnalytics.framework */,
			);
			path = analytics_ios_6.0.5;
			sourceTree = "<group>";
		};
		337DEF0720B5D9FE7758D959 /* Pods */ = {
			isa = PBXGroup;
			children = (
				5069288AC1391C5B80BB0236 /* Pods-JZDjMusicMainProject.debug.xcconfig */,
				4D585F27417011D753F4C13C /* Pods-JZDjMusicMainProject.release.xcconfig */,
			);
			path = Pods;
			sourceTree = "<group>";
		};
		573BBB492362AF6F0048678F /* Masonry */ = {
			isa = PBXGroup;
			children = (
				573BBB4A2362AF6F0048678F /* LICENSE */,
				573BBB4B2362AF6F0048678F /* Masonry */,
				573BBB632362AF6F0048678F /* README.md */,
			);
			path = Masonry;
			sourceTree = "<group>";
		};
		573BBB4B2362AF6F0048678F /* Masonry */ = {
			isa = PBXGroup;
			children = (
				573BBB4C2362AF6F0048678F /* MASCompositeConstraint.h */,
				573BBB4D2362AF6F0048678F /* NSLayoutConstraint+MASDebugAdditions.m */,
				573BBB4E2362AF6F0048678F /* MASConstraint+Private.h */,
				573BBB4F2362AF6F0048678F /* MASLayoutConstraint.h */,
				573BBB502362AF6F0048678F /* NSArray+MASShorthandAdditions.h */,
				573BBB512362AF6F0048678F /* MASConstraintMaker.h */,
				573BBB522362AF6F0048678F /* View+MASAdditions.h */,
				573BBB532362AF6F0048678F /* NSArray+MASAdditions.h */,
				573BBB542362AF6F0048678F /* MASUtilities.h */,
				573BBB552362AF6F0048678F /* MASViewAttribute.h */,
				573BBB562362AF6F0048678F /* MASViewConstraint.h */,
				573BBB572362AF6F0048678F /* MASConstraint.h */,
				573BBB582362AF6F0048678F /* NSLayoutConstraint+MASDebugAdditions.h */,
				573BBB592362AF6F0048678F /* MASCompositeConstraint.m */,
				573BBB5A2362AF6F0048678F /* MASConstraintMaker.m */,
				573BBB5B2362AF6F0048678F /* MASLayoutConstraint.m */,
				573BBB5C2362AF6F0048678F /* NSArray+MASAdditions.m */,
				573BBB5D2362AF6F0048678F /* View+MASAdditions.m */,
				573BBB5E2362AF6F0048678F /* View+MASShorthandAdditions.h */,
				573BBB5F2362AF6F0048678F /* Masonry.h */,
				573BBB602362AF6F0048678F /* MASConstraint.m */,
				573BBB612362AF6F0048678F /* MASViewConstraint.m */,
				573BBB622362AF6F0048678F /* MASViewAttribute.m */,
			);
			path = Masonry;
			sourceTree = "<group>";
		};
		579E2422236193B5007E3597 /* PlayFile */ = {
			isa = PBXGroup;
			children = (
				573BBB3F2362A3EF0048678F /* GKWYMusicControlView.h */,
				573BBB402362A3EF0048678F /* GKWYMusicControlView.m */,
				579E24612361A1D7007E3597 /* GKTimer.h */,
				579E24602361A1D7007E3597 /* GKTimer.m */,
				579E245E2361A1BA007E3597 /* GKSliderView.h */,
				579E245D2361A1BA007E3597 /* GKSliderView.m */,
				579E2423236193CB007E3597 /* GKAudioPlayer.h */,
				579E2424236193CB007E3597 /* GKAudioPlayer.m */,
				573BBB422362A53D0048678F /* JZDMusicTool.h */,
				573BBB432362A53D0048678F /* JZDMusicTool.m */,
			);
			path = PlayFile;
			sourceTree = "<group>";
		};
/* End PBXGroup section */

/* Begin PBXNativeTarget section */
		14954386235FEBDE00E034FD /* JZDjMusicMainProject */ = {
			isa = PBXNativeTarget;
			buildConfigurationList = 149543A0235FEC0000E034FD /* Build configuration list for PBXNativeTarget "JZDjMusicMainProject" */;
			buildPhases = (
				84F335CAA0787FB81581CA63 /* [CP] Check Pods Manifest.lock */,
				14954383235FEBDE00E034FD /* Sources */,
				14954384235FEBDE00E034FD /* Frameworks */,
				14954385235FEBDE00E034FD /* Resources */,
				EA94A51F950408118C6E1202 /* [CP] Copy Pods Resources */,
				14954B6C23603F9000E034FD /* Embed Frameworks */,
			);
			buildRules = (
			);
			dependencies = (
			);
			name = JZDjMusicMainProject;
			productName = JZDjMusicMainProject;
			productReference = 14954387235FEBDE00E034FD /* 水晶Dj.app */;
			productType = "com.apple.product-type.application";
		};
/* End PBXNativeTarget section */

/* Begin PBXProject section */
		1495437F235FEBDE00E034FD /* Project object */ = {
			isa = PBXProject;
			attributes = {
				LastUpgradeCheck = 1110;
				ORGANIZATIONNAME = WX;
				TargetAttributes = {
					14954386235FEBDE00E034FD = {
						CreatedOnToolsVersion = 11.1;
					};
				};
			};
			buildConfigurationList = 14954382235FEBDE00E034FD /* Build configuration list for PBXProject "JZDjMusicMainProject" */;
			compatibilityVersion = "Xcode 9.3";
			developmentRegion = en;
			hasScannedForEncodings = 0;
			knownRegions = (
				en,
				Base,
			);
			mainGroup = 1495437E235FEBDE00E034FD;
			productRefGroup = 14954388235FEBDE00E034FD /* Products */;
			projectDirPath = "";
			projectRoot = "";
			targets = (
				14954386235FEBDE00E034FD /* JZDjMusicMainProject */,
			);
		};
/* End PBXProject section */

/* Begin PBXResourcesBuildPhase section */
		14954385235FEBDE00E034FD /* Resources */ = {
			isa = PBXResourcesBuildPhase;
			buildActionMask = 2147483647;
			files = (
				573BBB6E2362AF6F0048678F /* README.md in Resources */,
				14954B94236040E600E034FD /* UMCommonLog.bundle in Resources */,
				573BBB3E2362991F0048678F /* dict.json in Resources */,
				149543CE235FF33300E034FD /* Assets.xcassets in Resources */,
				149543CF235FF33300E034FD /* LaunchScreen.storyboard in Resources */,
				573BBB642362AF6F0048678F /* LICENSE in Resources */,
			);
			runOnlyForDeploymentPostprocessing = 0;
		};
/* End PBXResourcesBuildPhase section */

/* Begin PBXShellScriptBuildPhase section */
		84F335CAA0787FB81581CA63 /* [CP] Check Pods Manifest.lock */ = {
			isa = PBXShellScriptBuildPhase;
			buildActionMask = 2147483647;
			files = (
			);
			inputFileListPaths = (
			);
			inputPaths = (
				"${PODS_PODFILE_DIR_PATH}/Podfile.lock",
				"${PODS_ROOT}/Manifest.lock",
			);
			name = "[CP] Check Pods Manifest.lock";
			outputFileListPaths = (
			);
			outputPaths = (
				"$(DERIVED_FILE_DIR)/Pods-JZDjMusicMainProject-checkManifestLockResult.txt",
			);
			runOnlyForDeploymentPostprocessing = 0;
			shellPath = /bin/sh;
			shellScript = "diff \"${PODS_PODFILE_DIR_PATH}/Podfile.lock\" \"${PODS_ROOT}/Manifest.lock\" > /dev/null\nif [ $? != 0 ] ; then\n    # print error to STDERR\n    echo \"error: The sandbox is not in sync with the Podfile.lock. Run 'pod install' or update your CocoaPods installation.\" >&2\n    exit 1\nfi\n# This output is used by Xcode 'outputs' to avoid re-running this script phase.\necho \"SUCCESS\" > \"${SCRIPT_OUTPUT_FILE_0}\"\n";
			showEnvVarsInLog = 0;
		};
		EA94A51F950408118C6E1202 /* [CP] Copy Pods Resources */ = {
			isa = PBXShellScriptBuildPhase;
			buildActionMask = 2147483647;
			files = (
			);
			inputFileListPaths = (
				"${PODS_ROOT}/Target Support Files/Pods-JZDjMusicMainProject/Pods-JZDjMusicMainProject-resources-${CONFIGURATION}-input-files.xcfilelist",
			);
			name = "[CP] Copy Pods Resources";
			outputFileListPaths = (
				"${PODS_ROOT}/Target Support Files/Pods-JZDjMusicMainProject/Pods-JZDjMusicMainProject-resources-${CONFIGURATION}-output-files.xcfilelist",
			);
			runOnlyForDeploymentPostprocessing = 0;
			shellPath = /bin/sh;
			shellScript = "\"${PODS_ROOT}/Target Support Files/Pods-JZDjMusicMainProject/Pods-JZDjMusicMainProject-resources.sh\"\n";
			showEnvVarsInLog = 0;
		};
/* End PBXShellScriptBuildPhase section */

/* Begin PBXSourcesBuildPhase section */
		14954383235FEBDE00E034FD /* Sources */ = {
			isa = PBXSourcesBuildPhase;
			buildActionMask = 2147483647;
			files = (
				573BBB6C2362AF6F0048678F /* MASViewConstraint.m in Sources */,
				573BBB412362A3EF0048678F /* GKWYMusicControlView.m in Sources */,
				573BBB662362AF6F0048678F /* MASCompositeConstraint.m in Sources */,
				573BBB692362AF6F0048678F /* NSArray+MASAdditions.m in Sources */,
				14954B9E236041FD00E034FD /* WEBaseNavController.m in Sources */,
<<<<<<< HEAD
				573BBB6D2362AF6F0048678F /* MASViewAttribute.m in Sources */,
				147F85C1236134680092A721 /* JZDjSelectViewController.m in Sources */,
				147F85A9236131640092A721 /* WEBaseViewController.m in Sources */,
				573BBB672362AF6F0048678F /* MASConstraintMaker.m in Sources */,
=======
				147F85C1236134680092A721 /* JZDjSelectViewController.m in Sources */,
				147F85A9236131640092A721 /* WEBaseViewController.m in Sources */,
>>>>>>> e5ee1feca3be056b9d95d092b05bc1e86ab03cde
				149543DA235FF46500E034FD /* AppDelegate.m in Sources */,
				573BBB6A2362AF6F0048678F /* View+MASAdditions.m in Sources */,
				579E24622361A1D7007E3597 /* GKTimer.m in Sources */,
				149543D9235FF46500E034FD /* main.m in Sources */,
				14954BB023604BA800E034FD /* GKMainTabBarController.m in Sources */,
<<<<<<< HEAD
				573BBB6B2362AF6F0048678F /* MASConstraint.m in Sources */,
=======
>>>>>>> e5ee1feca3be056b9d95d092b05bc1e86ab03cde
				147F85BE236134210092A721 /* JZDjAccountController.m in Sources */,
				147F85C7236134B40092A721 /* JZDjDanceViewController.m in Sources */,
				14954BAD23604BA800E034FD /* GKTabBar.m in Sources */,
				573BBB652362AF6F0048678F /* NSLayoutConstraint+MASDebugAdditions.m in Sources */,
				14954B9B236041CC00E034FD /* WEBaseNavView.m in Sources */,
				14954BAF23604BA800E034FD /* GKPlayerButton.m in Sources */,
				579E245F2361A1BA007E3597 /* GKSliderView.m in Sources */,
				573BBB682362AF6F0048678F /* MASLayoutConstraint.m in Sources */,
				14954BAE23604BA800E034FD /* GKTestViewController.m in Sources */,
				147F85BB236133AC0092A721 /* JZDjPlayController.m in Sources */,
				147F85C4236134950092A721 /* JZDjFrendsViewController.m in Sources */,
<<<<<<< HEAD
				579E2425236193CB007E3597 /* GKAudioPlayer.m in Sources */,
				579E242123618E52007E3597 /* JZDMusic.m in Sources */,
=======
>>>>>>> e5ee1feca3be056b9d95d092b05bc1e86ab03cde
				14954C8523605F6800E034FD /* AppDelegate+Extension.m in Sources */,
				573BBB442362A53D0048678F /* JZDMusicTool.m in Sources */,
			);
			runOnlyForDeploymentPostprocessing = 0;
		};
/* End PBXSourcesBuildPhase section */

/* Begin PBXVariantGroup section */
		149543C7235FF33300E034FD /* LaunchScreen.storyboard */ = {
			isa = PBXVariantGroup;
			children = (
				149543C8235FF33300E034FD /* Base */,
			);
			name = LaunchScreen.storyboard;
			sourceTree = "<group>";
		};
/* End PBXVariantGroup section */

/* Begin XCBuildConfiguration section */
		1495439E235FEC0000E034FD /* Debug */ = {
			isa = XCBuildConfiguration;
			buildSettings = {
				ALWAYS_SEARCH_USER_PATHS = NO;
				CLANG_ANALYZER_NONNULL = YES;
				CLANG_ANALYZER_NUMBER_OBJECT_CONVERSION = YES_AGGRESSIVE;
				CLANG_CXX_LANGUAGE_STANDARD = "gnu++14";
				CLANG_CXX_LIBRARY = "libc++";
				CLANG_ENABLE_MODULES = YES;
				CLANG_ENABLE_OBJC_ARC = YES;
				CLANG_ENABLE_OBJC_WEAK = YES;
				CLANG_WARN_BLOCK_CAPTURE_AUTORELEASING = YES;
				CLANG_WARN_BOOL_CONVERSION = YES;
				CLANG_WARN_COMMA = YES;
				CLANG_WARN_CONSTANT_CONVERSION = YES;
				CLANG_WARN_DEPRECATED_OBJC_IMPLEMENTATIONS = YES;
				CLANG_WARN_DIRECT_OBJC_ISA_USAGE = YES_ERROR;
				CLANG_WARN_DOCUMENTATION_COMMENTS = YES;
				CLANG_WARN_EMPTY_BODY = YES;
				CLANG_WARN_ENUM_CONVERSION = YES;
				CLANG_WARN_INFINITE_RECURSION = YES;
				CLANG_WARN_INT_CONVERSION = YES;
				CLANG_WARN_NON_LITERAL_NULL_CONVERSION = YES;
				CLANG_WARN_OBJC_IMPLICIT_RETAIN_SELF = YES;
				CLANG_WARN_OBJC_LITERAL_CONVERSION = YES;
				CLANG_WARN_OBJC_ROOT_CLASS = YES_ERROR;
				CLANG_WARN_RANGE_LOOP_ANALYSIS = YES;
				CLANG_WARN_STRICT_PROTOTYPES = YES;
				CLANG_WARN_SUSPICIOUS_MOVE = YES;
				CLANG_WARN_UNGUARDED_AVAILABILITY = YES_AGGRESSIVE;
				CLANG_WARN_UNREACHABLE_CODE = YES;
				CLANG_WARN__DUPLICATE_METHOD_MATCH = YES;
				COPY_PHASE_STRIP = NO;
				DEBUG_INFORMATION_FORMAT = dwarf;
				ENABLE_STRICT_OBJC_MSGSEND = YES;
				ENABLE_TESTABILITY = YES;
				GCC_C_LANGUAGE_STANDARD = gnu11;
				GCC_DYNAMIC_NO_PIC = NO;
				GCC_NO_COMMON_BLOCKS = YES;
				GCC_OPTIMIZATION_LEVEL = 0;
				GCC_PREPROCESSOR_DEFINITIONS = (
					"DEBUG=1",
					"$(inherited)",
				);
				GCC_WARN_64_TO_32_BIT_CONVERSION = YES;
				GCC_WARN_ABOUT_RETURN_TYPE = YES_ERROR;
				GCC_WARN_UNDECLARED_SELECTOR = YES;
				GCC_WARN_UNINITIALIZED_AUTOS = YES_AGGRESSIVE;
				GCC_WARN_UNUSED_FUNCTION = YES;
				GCC_WARN_UNUSED_VARIABLE = YES;
				IPHONEOS_DEPLOYMENT_TARGET = 13.1;
				MTL_ENABLE_DEBUG_INFO = INCLUDE_SOURCE;
				MTL_FAST_MATH = YES;
				ONLY_ACTIVE_ARCH = YES;
				SDKROOT = iphoneos;
			};
			name = Debug;
		};
		1495439F235FEC0000E034FD /* Release */ = {
			isa = XCBuildConfiguration;
			buildSettings = {
				ALWAYS_SEARCH_USER_PATHS = NO;
				CLANG_ANALYZER_NONNULL = YES;
				CLANG_ANALYZER_NUMBER_OBJECT_CONVERSION = YES_AGGRESSIVE;
				CLANG_CXX_LANGUAGE_STANDARD = "gnu++14";
				CLANG_CXX_LIBRARY = "libc++";
				CLANG_ENABLE_MODULES = YES;
				CLANG_ENABLE_OBJC_ARC = YES;
				CLANG_ENABLE_OBJC_WEAK = YES;
				CLANG_WARN_BLOCK_CAPTURE_AUTORELEASING = YES;
				CLANG_WARN_BOOL_CONVERSION = YES;
				CLANG_WARN_COMMA = YES;
				CLANG_WARN_CONSTANT_CONVERSION = YES;
				CLANG_WARN_DEPRECATED_OBJC_IMPLEMENTATIONS = YES;
				CLANG_WARN_DIRECT_OBJC_ISA_USAGE = YES_ERROR;
				CLANG_WARN_DOCUMENTATION_COMMENTS = YES;
				CLANG_WARN_EMPTY_BODY = YES;
				CLANG_WARN_ENUM_CONVERSION = YES;
				CLANG_WARN_INFINITE_RECURSION = YES;
				CLANG_WARN_INT_CONVERSION = YES;
				CLANG_WARN_NON_LITERAL_NULL_CONVERSION = YES;
				CLANG_WARN_OBJC_IMPLICIT_RETAIN_SELF = YES;
				CLANG_WARN_OBJC_LITERAL_CONVERSION = YES;
				CLANG_WARN_OBJC_ROOT_CLASS = YES_ERROR;
				CLANG_WARN_RANGE_LOOP_ANALYSIS = YES;
				CLANG_WARN_STRICT_PROTOTYPES = YES;
				CLANG_WARN_SUSPICIOUS_MOVE = YES;
				CLANG_WARN_UNGUARDED_AVAILABILITY = YES_AGGRESSIVE;
				CLANG_WARN_UNREACHABLE_CODE = YES;
				CLANG_WARN__DUPLICATE_METHOD_MATCH = YES;
				COPY_PHASE_STRIP = NO;
				DEBUG_INFORMATION_FORMAT = "dwarf-with-dsym";
				ENABLE_NS_ASSERTIONS = NO;
				ENABLE_STRICT_OBJC_MSGSEND = YES;
				GCC_C_LANGUAGE_STANDARD = gnu11;
				GCC_NO_COMMON_BLOCKS = YES;
				GCC_WARN_64_TO_32_BIT_CONVERSION = YES;
				GCC_WARN_ABOUT_RETURN_TYPE = YES_ERROR;
				GCC_WARN_UNDECLARED_SELECTOR = YES;
				GCC_WARN_UNINITIALIZED_AUTOS = YES_AGGRESSIVE;
				GCC_WARN_UNUSED_FUNCTION = YES;
				GCC_WARN_UNUSED_VARIABLE = YES;
				IPHONEOS_DEPLOYMENT_TARGET = 13.1;
				MTL_ENABLE_DEBUG_INFO = NO;
				MTL_FAST_MATH = YES;
				SDKROOT = iphoneos;
				VALIDATE_PRODUCT = YES;
			};
			name = Release;
		};
		149543A1235FEC0000E034FD /* Debug */ = {
			isa = XCBuildConfiguration;
			baseConfigurationReference = 5069288AC1391C5B80BB0236 /* Pods-JZDjMusicMainProject.debug.xcconfig */;
			buildSettings = {
				ASSETCATALOG_COMPILER_APPICON_NAME = AppIcon;
				CODE_SIGN_STYLE = Automatic;
				DEVELOPMENT_TEAM = NZE7L7K6V5;
				FRAMEWORK_SEARCH_PATHS = (
					"$(inherited)",
					"$(PROJECT_DIR)/Pods/YYKit/Vendor",
					"$(PROJECT_DIR)/JZDjMusicMainProject/Vender/JZDjLibiOS/umcommonlog/umcommonlog_ios_1.0.0",
					"$(PROJECT_DIR)/JZDjMusicMainProject/Vender/JZDjLibiOS/common/common_ios_2.1.1/normal",
					"$(PROJECT_DIR)/JZDjMusicMainProject/Vender/JZDjLibiOS/analytics/analytics_ios_6.0.5",
				);
				GCC_PREFIX_HEADER = JZDjMusicMainProject/Other/JZDjMusicPrefixHeader.pch;
				INFOPLIST_FILE = JZDjMusicMainProject/Info.plist;
				IPHONEOS_DEPLOYMENT_TARGET = 9.0;
				LD_RUNPATH_SEARCH_PATHS = (
					"$(inherited)",
					"@executable_path/Frameworks",
				);
				LIBRARY_SEARCH_PATHS = (
					"$(inherited)",
					"$(PROJECT_DIR)/JZDjMusicMainProject/Vender/iOS/JPushSDK",
					"$(PROJECT_DIR)/JZDjMusicMainProject/Vender/JZDjLibiOS/JPushSDK",
					$SDKROOT/usr/include/libxml2,
				);
				PRODUCT_BUNDLE_IDENTIFIER = HH.JZDjMusicMainProject;
				PRODUCT_NAME = "水晶Dj";
				TARGETED_DEVICE_FAMILY = 1;
			};
			name = Debug;
		};
		149543A2235FEC0000E034FD /* Release */ = {
			isa = XCBuildConfiguration;
			baseConfigurationReference = 4D585F27417011D753F4C13C /* Pods-JZDjMusicMainProject.release.xcconfig */;
			buildSettings = {
				ASSETCATALOG_COMPILER_APPICON_NAME = AppIcon;
				CODE_SIGN_STYLE = Automatic;
				DEVELOPMENT_TEAM = NZE7L7K6V5;
				FRAMEWORK_SEARCH_PATHS = (
					"$(inherited)",
					"$(PROJECT_DIR)/Pods/YYKit/Vendor",
					"$(PROJECT_DIR)/JZDjMusicMainProject/Vender/JZDjLibiOS/umcommonlog/umcommonlog_ios_1.0.0",
					"$(PROJECT_DIR)/JZDjMusicMainProject/Vender/JZDjLibiOS/common/common_ios_2.1.1/normal",
					"$(PROJECT_DIR)/JZDjMusicMainProject/Vender/JZDjLibiOS/analytics/analytics_ios_6.0.5",
				);
				GCC_PREFIX_HEADER = JZDjMusicMainProject/Other/JZDjMusicPrefixHeader.pch;
				INFOPLIST_FILE = JZDjMusicMainProject/Info.plist;
				IPHONEOS_DEPLOYMENT_TARGET = 9.0;
				LD_RUNPATH_SEARCH_PATHS = (
					"$(inherited)",
					"@executable_path/Frameworks",
				);
				LIBRARY_SEARCH_PATHS = (
					"$(inherited)",
					"$(PROJECT_DIR)/JZDjMusicMainProject/Vender/iOS/JPushSDK",
					"$(PROJECT_DIR)/JZDjMusicMainProject/Vender/JZDjLibiOS/JPushSDK",
					$SDKROOT/usr/include/libxml2,
				);
				PRODUCT_BUNDLE_IDENTIFIER = HH.JZDjMusicMainProject;
				PRODUCT_NAME = "水晶Dj";
				TARGETED_DEVICE_FAMILY = 1;
			};
			name = Release;
		};
/* End XCBuildConfiguration section */

/* Begin XCConfigurationList section */
		14954382235FEBDE00E034FD /* Build configuration list for PBXProject "JZDjMusicMainProject" */ = {
			isa = XCConfigurationList;
			buildConfigurations = (
				1495439E235FEC0000E034FD /* Debug */,
				1495439F235FEC0000E034FD /* Release */,
			);
			defaultConfigurationIsVisible = 0;
			defaultConfigurationName = Release;
		};
		149543A0235FEC0000E034FD /* Build configuration list for PBXNativeTarget "JZDjMusicMainProject" */ = {
			isa = XCConfigurationList;
			buildConfigurations = (
				149543A1235FEC0000E034FD /* Debug */,
				149543A2235FEC0000E034FD /* Release */,
			);
			defaultConfigurationIsVisible = 0;
			defaultConfigurationName = Release;
		};
/* End XCConfigurationList section */
	};
	rootObject = 1495437F235FEBDE00E034FD /* Project object */;
}
