// !$*UTF8*$!
{
	archiveVersion = 1;
	classes = {
	};
	objectVersion = 50;
	objects = {

/* Begin PBXBuildFile section */
		1495433C235FE98200E034FD /* JZDjLib.h in Headers */ = {isa = PBXBuildFile; fileRef = 1495433A235FE98200E034FD /* JZDjLib.h */; settings = {ATTRIBUTES = (Public, ); }; };
		1495444D235FFCFC00E034FD /* JPUSHService.h in Headers */ = {isa = PBXBuildFile; fileRef = 14954447235FFCFC00E034FD /* JPUSHService.h */; settings = {ATTRIBUTES = (Public, ); }; };
		14954450235FFCFC00E034FD /* JPushManager.m in Sources */ = {isa = PBXBuildFile; fileRef = 1495444B235FFCFC00E034FD /* JPushManager.m */; };
		14954451235FFCFC00E034FD /* JPushManager.h in Headers */ = {isa = PBXBuildFile; fileRef = 1495444C235FFCFC00E034FD /* JPushManager.h */; settings = {ATTRIBUTES = (Public, ); }; };
		1495448B2360239200E034FD /* JZDiLibRegister.h in Headers */ = {isa = PBXBuildFile; fileRef = 149544892360239200E034FD /* JZDiLibRegister.h */; settings = {ATTRIBUTES = (Public, ); }; };
		1495448C2360239200E034FD /* JZDiLibRegister.m in Sources */ = {isa = PBXBuildFile; fileRef = 1495448A2360239200E034FD /* JZDiLibRegister.m */; };
		149544922360293200E034FD /* UIView+Animate.h in Headers */ = {isa = PBXBuildFile; fileRef = 1495448E2360293200E034FD /* UIView+Animate.h */; settings = {ATTRIBUTES = (Public, ); }; };
		149544932360293200E034FD /* UIViewController+Swizzling.h in Headers */ = {isa = PBXBuildFile; fileRef = 1495448F2360293200E034FD /* UIViewController+Swizzling.h */; settings = {ATTRIBUTES = (Public, ); }; };
		149544942360293200E034FD /* UIView+Animate.m in Sources */ = {isa = PBXBuildFile; fileRef = 149544902360293200E034FD /* UIView+Animate.m */; };
		149544952360293200E034FD /* UIViewController+Swizzling.m in Sources */ = {isa = PBXBuildFile; fileRef = 149544912360293200E034FD /* UIViewController+Swizzling.m */; };
		14954B6223603DF100E034FD /* UMCommonLog.framework in Frameworks */ = {isa = PBXBuildFile; fileRef = 14954B5923603DF000E034FD /* UMCommonLog.framework */; };
		14954B6323603DF100E034FD /* UMCommonLog.bundle in Resources */ = {isa = PBXBuildFile; fileRef = 14954B5A23603DF000E034FD /* UMCommonLog.bundle */; };
		14954B6423603DF100E034FD /* UMCommon.framework in Frameworks */ = {isa = PBXBuildFile; fileRef = 14954B5E23603DF100E034FD /* UMCommon.framework */; };
		14954B6523603DF100E034FD /* UMAnalytics.framework in Frameworks */ = {isa = PBXBuildFile; fileRef = 14954B6123603DF100E034FD /* UMAnalytics.framework */; };
/* End PBXBuildFile section */

/* Begin PBXFileReference section */
		14954337235FE98200E034FD /* JZDjLib.framework */ = {isa = PBXFileReference; explicitFileType = wrapper.framework; includeInIndex = 0; path = JZDjLib.framework; sourceTree = BUILT_PRODUCTS_DIR; };
		1495433A235FE98200E034FD /* JZDjLib.h */ = {isa = PBXFileReference; lastKnownFileType = sourcecode.c.h; path = JZDjLib.h; sourceTree = "<group>"; };
		1495433B235FE98200E034FD /* Info.plist */ = {isa = PBXFileReference; lastKnownFileType = text.plist.xml; path = Info.plist; sourceTree = "<group>"; };
		14954447235FFCFC00E034FD /* JPUSHService.h */ = {isa = PBXFileReference; fileEncoding = 4; lastKnownFileType = sourcecode.c.h; path = JPUSHService.h; sourceTree = "<group>"; };
		14954448235FFCFC00E034FD /* jcore-ios-2.1.2.a */ = {isa = PBXFileReference; lastKnownFileType = archive.ar; path = "jcore-ios-2.1.2.a"; sourceTree = "<group>"; };
		14954449235FFCFC00E034FD /* jpush-ios-3.2.4.a */ = {isa = PBXFileReference; lastKnownFileType = archive.ar; path = "jpush-ios-3.2.4.a"; sourceTree = "<group>"; };
		1495444B235FFCFC00E034FD /* JPushManager.m */ = {isa = PBXFileReference; fileEncoding = 4; lastKnownFileType = sourcecode.c.objc; path = JPushManager.m; sourceTree = "<group>"; };
		1495444C235FFCFC00E034FD /* JPushManager.h */ = {isa = PBXFileReference; fileEncoding = 4; lastKnownFileType = sourcecode.c.h; path = JPushManager.h; sourceTree = "<group>"; };
		149544892360239200E034FD /* JZDiLibRegister.h */ = {isa = PBXFileReference; lastKnownFileType = sourcecode.c.h; path = JZDiLibRegister.h; sourceTree = "<group>"; };
		1495448A2360239200E034FD /* JZDiLibRegister.m */ = {isa = PBXFileReference; lastKnownFileType = sourcecode.c.objc; path = JZDiLibRegister.m; sourceTree = "<group>"; };
		1495448E2360293200E034FD /* UIView+Animate.h */ = {isa = PBXFileReference; fileEncoding = 4; lastKnownFileType = sourcecode.c.h; path = "UIView+Animate.h"; sourceTree = "<group>"; };
		1495448F2360293200E034FD /* UIViewController+Swizzling.h */ = {isa = PBXFileReference; fileEncoding = 4; lastKnownFileType = sourcecode.c.h; path = "UIViewController+Swizzling.h"; sourceTree = "<group>"; };
		149544902360293200E034FD /* UIView+Animate.m */ = {isa = PBXFileReference; fileEncoding = 4; lastKnownFileType = sourcecode.c.objc; path = "UIView+Animate.m"; sourceTree = "<group>"; };
		149544912360293200E034FD /* UIViewController+Swizzling.m */ = {isa = PBXFileReference; fileEncoding = 4; lastKnownFileType = sourcecode.c.objc; path = "UIViewController+Swizzling.m"; sourceTree = "<group>"; };
		14954B54236039DB00E034FD /* libresolv.tbd */ = {isa = PBXFileReference; lastKnownFileType = "sourcecode.text-based-dylib-definition"; name = libresolv.tbd; path = usr/lib/libresolv.tbd; sourceTree = SDKROOT; };
		14954B5923603DF000E034FD /* UMCommonLog.framework */ = {isa = PBXFileReference; lastKnownFileType = wrapper.framework; path = UMCommonLog.framework; sourceTree = "<group>"; };
		14954B5A23603DF000E034FD /* UMCommonLog.bundle */ = {isa = PBXFileReference; lastKnownFileType = "wrapper.plug-in"; path = UMCommonLog.bundle; sourceTree = "<group>"; };
		14954B5E23603DF100E034FD /* UMCommon.framework */ = {isa = PBXFileReference; lastKnownFileType = wrapper.framework; path = UMCommon.framework; sourceTree = "<group>"; };
		14954B6123603DF100E034FD /* UMAnalytics.framework */ = {isa = PBXFileReference; lastKnownFileType = wrapper.framework; path = UMAnalytics.framework; sourceTree = "<group>"; };
/* End PBXFileReference section */

/* Begin PBXFrameworksBuildPhase section */
		14954334235FE98200E034FD /* Frameworks */ = {
			isa = PBXFrameworksBuildPhase;
			buildActionMask = 2147483647;
			files = (
				14954B6223603DF100E034FD /* UMCommonLog.framework in Frameworks */,
				14954B6423603DF100E034FD /* UMCommon.framework in Frameworks */,
				14954B6523603DF100E034FD /* UMAnalytics.framework in Frameworks */,
			);
			runOnlyForDeploymentPostprocessing = 0;
		};
/* End PBXFrameworksBuildPhase section */

/* Begin PBXGroup section */
		1495432D235FE98100E034FD = {
			isa = PBXGroup;
			children = (
				14954339235FE98200E034FD /* JZDjLib */,
				14954338235FE98200E034FD /* Products */,
				14954B53236039DB00E034FD /* Frameworks */,
			);
			sourceTree = "<group>";
		};
		14954338235FE98200E034FD /* Products */ = {
			isa = PBXGroup;
			children = (
				14954337235FE98200E034FD /* JZDjLib.framework */,
			);
			name = Products;
			sourceTree = "<group>";
		};
		14954339235FE98200E034FD /* JZDjLib */ = {
			isa = PBXGroup;
			children = (
				14954B5623603DF000E034FD /* iOS */,
				1495448D2360292000E034FD /* JZDjLibCategory */,
				14954445235FFCFC00E034FD /* JPush */,
				1495433A235FE98200E034FD /* JZDjLib.h */,
				1495433B235FE98200E034FD /* Info.plist */,
				149544892360239200E034FD /* JZDiLibRegister.h */,
				1495448A2360239200E034FD /* JZDiLibRegister.m */,
			);
			path = JZDjLib;
			sourceTree = "<group>";
		};
		14954445235FFCFC00E034FD /* JPush */ = {
			isa = PBXGroup;
			children = (
				14954446235FFCFC00E034FD /* JPushSDK */,
				1495444A235FFCFC00E034FD /* JPushTool */,
			);
			path = JPush;
			sourceTree = "<group>";
		};
		14954446235FFCFC00E034FD /* JPushSDK */ = {
			isa = PBXGroup;
			children = (
				14954447235FFCFC00E034FD /* JPUSHService.h */,
				14954448235FFCFC00E034FD /* jcore-ios-2.1.2.a */,
				14954449235FFCFC00E034FD /* jpush-ios-3.2.4.a */,
			);
			path = JPushSDK;
			sourceTree = "<group>";
		};
		1495444A235FFCFC00E034FD /* JPushTool */ = {
			isa = PBXGroup;
			children = (
				1495444C235FFCFC00E034FD /* JPushManager.h */,
				1495444B235FFCFC00E034FD /* JPushManager.m */,
			);
			path = JPushTool;
			sourceTree = "<group>";
		};
		1495448D2360292000E034FD /* JZDjLibCategory */ = {
			isa = PBXGroup;
			children = (
				1495448E2360293200E034FD /* UIView+Animate.h */,
				149544902360293200E034FD /* UIView+Animate.m */,
				1495448F2360293200E034FD /* UIViewController+Swizzling.h */,
				149544912360293200E034FD /* UIViewController+Swizzling.m */,
			);
			path = JZDjLibCategory;
			sourceTree = "<group>";
		};
		14954B53236039DB00E034FD /* Frameworks */ = {
			isa = PBXGroup;
			children = (
				14954B54236039DB00E034FD /* libresolv.tbd */,
			);
			name = Frameworks;
			sourceTree = "<group>";
		};
		14954B5623603DF000E034FD /* iOS */ = {
			isa = PBXGroup;
			children = (
				14954B5723603DF000E034FD /* umcommonlog */,
				14954B5B23603DF000E034FD /* common */,
				14954B5F23603DF100E034FD /* analytics */,
			);
			path = iOS;
			sourceTree = "<group>";
		};
		14954B5723603DF000E034FD /* umcommonlog */ = {
			isa = PBXGroup;
			children = (
				14954B5823603DF000E034FD /* umcommonlog_ios_1.0.0 */,
			);
			path = umcommonlog;
			sourceTree = "<group>";
		};
		14954B5823603DF000E034FD /* umcommonlog_ios_1.0.0 */ = {
			isa = PBXGroup;
			children = (
				14954B5923603DF000E034FD /* UMCommonLog.framework */,
				14954B5A23603DF000E034FD /* UMCommonLog.bundle */,
			);
			path = umcommonlog_ios_1.0.0;
			sourceTree = "<group>";
		};
		14954B5B23603DF000E034FD /* common */ = {
			isa = PBXGroup;
			children = (
				14954B5C23603DF100E034FD /* common_ios_2.1.1 */,
			);
			path = common;
			sourceTree = "<group>";
		};
		14954B5C23603DF100E034FD /* common_ios_2.1.1 */ = {
			isa = PBXGroup;
			children = (
				14954B5D23603DF100E034FD /* normal */,
			);
			path = common_ios_2.1.1;
			sourceTree = "<group>";
		};
		14954B5D23603DF100E034FD /* normal */ = {
			isa = PBXGroup;
			children = (
				14954B5E23603DF100E034FD /* UMCommon.framework */,
			);
			path = normal;
			sourceTree = "<group>";
		};
		14954B5F23603DF100E034FD /* analytics */ = {
			isa = PBXGroup;
			children = (
				14954B6023603DF100E034FD /* analytics_ios_6.0.5 */,
			);
			path = analytics;
			sourceTree = "<group>";
		};
		14954B6023603DF100E034FD /* analytics_ios_6.0.5 */ = {
			isa = PBXGroup;
			children = (
				14954B6123603DF100E034FD /* UMAnalytics.framework */,
			);
			path = analytics_ios_6.0.5;
			sourceTree = "<group>";
		};
/* End PBXGroup section */

/* Begin PBXHeadersBuildPhase section */
		14954332235FE98200E034FD /* Headers */ = {
			isa = PBXHeadersBuildPhase;
			buildActionMask = 2147483647;
			files = (
				149544922360293200E034FD /* UIView+Animate.h in Headers */,
				149544932360293200E034FD /* UIViewController+Swizzling.h in Headers */,
				1495448B2360239200E034FD /* JZDiLibRegister.h in Headers */,
				1495444D235FFCFC00E034FD /* JPUSHService.h in Headers */,
				14954451235FFCFC00E034FD /* JPushManager.h in Headers */,
				1495433C235FE98200E034FD /* JZDjLib.h in Headers */,
			);
			runOnlyForDeploymentPostprocessing = 0;
		};
/* End PBXHeadersBuildPhase section */

/* Begin PBXNativeTarget section */
		14954336235FE98200E034FD /* JZDjLib */ = {
			isa = PBXNativeTarget;
			buildConfigurationList = 1495433F235FE98200E034FD /* Build configuration list for PBXNativeTarget "JZDjLib" */;
			buildPhases = (
				14954332235FE98200E034FD /* Headers */,
				14954333235FE98200E034FD /* Sources */,
				14954334235FE98200E034FD /* Frameworks */,
				14954335235FE98200E034FD /* Resources */,
			);
			buildRules = (
			);
			dependencies = (
			);
			name = JZDjLib;
			productName = JZDjLib;
			productReference = 14954337235FE98200E034FD /* JZDjLib.framework */;
			productType = "com.apple.product-type.framework";
		};
/* End PBXNativeTarget section */

/* Begin PBXProject section */
		1495432E235FE98100E034FD /* Project object */ = {
			isa = PBXProject;
			attributes = {
				LastUpgradeCheck = 1110;
				ORGANIZATIONNAME = WX;
				TargetAttributes = {
					14954336235FE98200E034FD = {
						CreatedOnToolsVersion = 11.1;
					};
				};
			};
			buildConfigurationList = 14954331235FE98100E034FD /* Build configuration list for PBXProject "JZDjLib" */;
			compatibilityVersion = "Xcode 9.3";
			developmentRegion = en;
			hasScannedForEncodings = 0;
			knownRegions = (
				en,
				Base,
			);
			mainGroup = 1495432D235FE98100E034FD;
			productRefGroup = 14954338235FE98200E034FD /* Products */;
			projectDirPath = "";
			projectRoot = "";
			targets = (
				14954336235FE98200E034FD /* JZDjLib */,
			);
		};
/* End PBXProject section */

/* Begin PBXResourcesBuildPhase section */
		14954335235FE98200E034FD /* Resources */ = {
			isa = PBXResourcesBuildPhase;
			buildActionMask = 2147483647;
			files = (
				14954B6323603DF100E034FD /* UMCommonLog.bundle in Resources */,
			);
			runOnlyForDeploymentPostprocessing = 0;
		};
/* End PBXResourcesBuildPhase section */

/* Begin PBXSourcesBuildPhase section */
		14954333235FE98200E034FD /* Sources */ = {
			isa = PBXSourcesBuildPhase;
			buildActionMask = 2147483647;
			files = (
				149544952360293200E034FD /* UIViewController+Swizzling.m in Sources */,
				149544942360293200E034FD /* UIView+Animate.m in Sources */,
				14954450235FFCFC00E034FD /* JPushManager.m in Sources */,
				1495448C2360239200E034FD /* JZDiLibRegister.m in Sources */,
			);
			runOnlyForDeploymentPostprocessing = 0;
		};
/* End PBXSourcesBuildPhase section */

/* Begin XCBuildConfiguration section */
		1495433D235FE98200E034FD /* Debug */ = {
			isa = XCBuildConfiguration;
			buildSettings = {
				ALWAYS_SEARCH_USER_PATHS = NO;
				CLANG_ANALYZER_NONNULL = YES;
				CLANG_ANALYZER_NUMBER_OBJECT_CONVERSION = YES_AGGRESSIVE;
				CLANG_CXX_LANGUAGE_STANDARD = "gnu++14";
				CLANG_CXX_LIBRARY = "libc++";
				CLANG_ENABLE_MODULES = YES;
				CLANG_ENABLE_OBJC_ARC = YES;
				CLANG_ENABLE_OBJC_WEAK = YES;
				CLANG_WARN_BLOCK_CAPTURE_AUTORELEASING = YES;
				CLANG_WARN_BOOL_CONVERSION = YES;
				CLANG_WARN_COMMA = YES;
				CLANG_WARN_CONSTANT_CONVERSION = YES;
				CLANG_WARN_DEPRECATED_OBJC_IMPLEMENTATIONS = YES;
				CLANG_WARN_DIRECT_OBJC_ISA_USAGE = YES_ERROR;
				CLANG_WARN_DOCUMENTATION_COMMENTS = YES;
				CLANG_WARN_EMPTY_BODY = YES;
				CLANG_WARN_ENUM_CONVERSION = YES;
				CLANG_WARN_INFINITE_RECURSION = YES;
				CLANG_WARN_INT_CONVERSION = YES;
				CLANG_WARN_NON_LITERAL_NULL_CONVERSION = YES;
				CLANG_WARN_OBJC_IMPLICIT_RETAIN_SELF = YES;
				CLANG_WARN_OBJC_LITERAL_CONVERSION = YES;
				CLANG_WARN_OBJC_ROOT_CLASS = YES_ERROR;
				CLANG_WARN_RANGE_LOOP_ANALYSIS = YES;
				CLANG_WARN_STRICT_PROTOTYPES = YES;
				CLANG_WARN_SUSPICIOUS_MOVE = YES;
				CLANG_WARN_UNGUARDED_AVAILABILITY = YES_AGGRESSIVE;
				CLANG_WARN_UNREACHABLE_CODE = YES;
				CLANG_WARN__DUPLICATE_METHOD_MATCH = YES;
				COPY_PHASE_STRIP = NO;
				CURRENT_PROJECT_VERSION = 1;
				DEBUG_INFORMATION_FORMAT = dwarf;
				ENABLE_STRICT_OBJC_MSGSEND = YES;
				ENABLE_TESTABILITY = YES;
				GCC_C_LANGUAGE_STANDARD = gnu11;
				GCC_DYNAMIC_NO_PIC = NO;
				GCC_NO_COMMON_BLOCKS = YES;
				GCC_OPTIMIZATION_LEVEL = 0;
				GCC_PREPROCESSOR_DEFINITIONS = (
					"DEBUG=1",
					"$(inherited)",
				);
				GCC_WARN_64_TO_32_BIT_CONVERSION = YES;
				GCC_WARN_ABOUT_RETURN_TYPE = YES_ERROR;
				GCC_WARN_UNDECLARED_SELECTOR = YES;
				GCC_WARN_UNINITIALIZED_AUTOS = YES_AGGRESSIVE;
				GCC_WARN_UNUSED_FUNCTION = YES;
				GCC_WARN_UNUSED_VARIABLE = YES;
				IPHONEOS_DEPLOYMENT_TARGET = 13.1;
				MTL_ENABLE_DEBUG_INFO = INCLUDE_SOURCE;
				MTL_FAST_MATH = YES;
				ONLY_ACTIVE_ARCH = YES;
				SDKROOT = iphoneos;
				VERSIONING_SYSTEM = "apple-generic";
				VERSION_INFO_PREFIX = "";
			};
			name = Debug;
		};
		1495433E235FE98200E034FD /* Release */ = {
			isa = XCBuildConfiguration;
			buildSettings = {
				ALWAYS_SEARCH_USER_PATHS = NO;
				CLANG_ANALYZER_NONNULL = YES;
				CLANG_ANALYZER_NUMBER_OBJECT_CONVERSION = YES_AGGRESSIVE;
				CLANG_CXX_LANGUAGE_STANDARD = "gnu++14";
				CLANG_CXX_LIBRARY = "libc++";
				CLANG_ENABLE_MODULES = YES;
				CLANG_ENABLE_OBJC_ARC = YES;
				CLANG_ENABLE_OBJC_WEAK = YES;
				CLANG_WARN_BLOCK_CAPTURE_AUTORELEASING = YES;
				CLANG_WARN_BOOL_CONVERSION = YES;
				CLANG_WARN_COMMA = YES;
				CLANG_WARN_CONSTANT_CONVERSION = YES;
				CLANG_WARN_DEPRECATED_OBJC_IMPLEMENTATIONS = YES;
				CLANG_WARN_DIRECT_OBJC_ISA_USAGE = YES_ERROR;
				CLANG_WARN_DOCUMENTATION_COMMENTS = YES;
				CLANG_WARN_EMPTY_BODY = YES;
				CLANG_WARN_ENUM_CONVERSION = YES;
				CLANG_WARN_INFINITE_RECURSION = YES;
				CLANG_WARN_INT_CONVERSION = YES;
				CLANG_WARN_NON_LITERAL_NULL_CONVERSION = YES;
				CLANG_WARN_OBJC_IMPLICIT_RETAIN_SELF = YES;
				CLANG_WARN_OBJC_LITERAL_CONVERSION = YES;
				CLANG_WARN_OBJC_ROOT_CLASS = YES_ERROR;
				CLANG_WARN_RANGE_LOOP_ANALYSIS = YES;
				CLANG_WARN_STRICT_PROTOTYPES = YES;
				CLANG_WARN_SUSPICIOUS_MOVE = YES;
				CLANG_WARN_UNGUARDED_AVAILABILITY = YES_AGGRESSIVE;
				CLANG_WARN_UNREACHABLE_CODE = YES;
				CLANG_WARN__DUPLICATE_METHOD_MATCH = YES;
				COPY_PHASE_STRIP = NO;
				CURRENT_PROJECT_VERSION = 1;
				DEBUG_INFORMATION_FORMAT = "dwarf-with-dsym";
				ENABLE_NS_ASSERTIONS = NO;
				ENABLE_STRICT_OBJC_MSGSEND = YES;
				GCC_C_LANGUAGE_STANDARD = gnu11;
				GCC_NO_COMMON_BLOCKS = YES;
				GCC_WARN_64_TO_32_BIT_CONVERSION = YES;
				GCC_WARN_ABOUT_RETURN_TYPE = YES_ERROR;
				GCC_WARN_UNDECLARED_SELECTOR = YES;
				GCC_WARN_UNINITIALIZED_AUTOS = YES_AGGRESSIVE;
				GCC_WARN_UNUSED_FUNCTION = YES;
				GCC_WARN_UNUSED_VARIABLE = YES;
				IPHONEOS_DEPLOYMENT_TARGET = 13.1;
				MTL_ENABLE_DEBUG_INFO = NO;
				MTL_FAST_MATH = YES;
				SDKROOT = iphoneos;
				VALIDATE_PRODUCT = YES;
				VERSIONING_SYSTEM = "apple-generic";
				VERSION_INFO_PREFIX = "";
			};
			name = Release;
		};
		14954340235FE98200E034FD /* Debug */ = {
			isa = XCBuildConfiguration;
			buildSettings = {
				CODE_SIGN_STYLE = Automatic;
				DEAD_CODE_STRIPPING = NO;
				DEFINES_MODULE = YES;
				DEVELOPMENT_TEAM = NZE7L7K6V5;
				DYLIB_COMPATIBILITY_VERSION = 1;
				DYLIB_CURRENT_VERSION = 1;
				DYLIB_INSTALL_NAME_BASE = "@rpath";
				FRAMEWORK_SEARCH_PATHS = (
					"$(inherited)",
					"$(PROJECT_DIR)/JZDjLib/iOS/umcommonlog/umcommonlog_ios_1.0.0",
					"$(PROJECT_DIR)/JZDjLib/iOS/common/common_ios_2.1.1/normal",
					"$(PROJECT_DIR)/JZDjLib/iOS/analytics/analytics_ios_6.0.5",
				);
				INFOPLIST_FILE = JZDjLib/Info.plist;
				INSTALL_PATH = "$(LOCAL_LIBRARY_DIR)/Frameworks";
				IPHONEOS_DEPLOYMENT_TARGET = 9.0;
				LD_RUNPATH_SEARCH_PATHS = (
					"$(inherited)",
					"@executable_path/Frameworks",
					"@loader_path/Frameworks",
				);
				LIBRARY_SEARCH_PATHS = (
					"$(inherited)",
					"$(PROJECT_DIR)/JZDjLib/JPush/JPushSDK",
				);
				LINK_WITH_STANDARD_LIBRARIES = NO;
				MACH_O_TYPE = staticlib;
				ONLY_ACTIVE_ARCH = NO;
				OTHER_LDFLAGS = (
					"-ObjC",
					"-all_load",
				);
				PRODUCT_BUNDLE_IDENTIFIER = HH.JZDjLib;
				PRODUCT_NAME = "$(TARGET_NAME:c99extidentifier)";
				SKIP_INSTALL = YES;
				SUPPORTS_MACCATALYST = NO;
				TARGETED_DEVICE_FAMILY = 1;
			};
			name = Debug;
		};
		14954341235FE98200E034FD /* Release */ = {
			isa = XCBuildConfiguration;
			buildSettings = {
				CODE_SIGN_STYLE = Automatic;
				DEAD_CODE_STRIPPING = NO;
				DEFINES_MODULE = YES;
				DEVELOPMENT_TEAM = NZE7L7K6V5;
				DYLIB_COMPATIBILITY_VERSION = 1;
				DYLIB_CURRENT_VERSION = 1;
				DYLIB_INSTALL_NAME_BASE = "@rpath";
				FRAMEWORK_SEARCH_PATHS = (
					"$(inherited)",
					"$(PROJECT_DIR)/JZDjLib/iOS/umcommonlog/umcommonlog_ios_1.0.0",
					"$(PROJECT_DIR)/JZDjLib/iOS/common/common_ios_2.1.1/normal",
					"$(PROJECT_DIR)/JZDjLib/iOS/analytics/analytics_ios_6.0.5",
				);
				INFOPLIST_FILE = JZDjLib/Info.plist;
				INSTALL_PATH = "$(LOCAL_LIBRARY_DIR)/Frameworks";
				IPHONEOS_DEPLOYMENT_TARGET = 9.0;
				LD_RUNPATH_SEARCH_PATHS = (
					"$(inherited)",
					"@executable_path/Frameworks",
					"@loader_path/Frameworks",
				);
				LIBRARY_SEARCH_PATHS = (
					"$(inherited)",
					"$(PROJECT_DIR)/JZDjLib/JPush/JPushSDK",
				);
				LINK_WITH_STANDARD_LIBRARIES = NO;
				MACH_O_TYPE = staticlib;
				ONLY_ACTIVE_ARCH = NO;
				OTHER_LDFLAGS = (
					"-ObjC",
					"-all_load",
				);
				PRODUCT_BUNDLE_IDENTIFIER = HH.JZDjLib;
				PRODUCT_NAME = "$(TARGET_NAME:c99extidentifier)";
				SKIP_INSTALL = YES;
				SUPPORTS_MACCATALYST = NO;
				TARGETED_DEVICE_FAMILY = 1;
			};
			name = Release;
		};
/* End XCBuildConfiguration section */

/* Begin XCConfigurationList section */
		14954331235FE98100E034FD /* Build configuration list for PBXProject "JZDjLib" */ = {
			isa = XCConfigurationList;
			buildConfigurations = (
				1495433D235FE98200E034FD /* Debug */,
				1495433E235FE98200E034FD /* Release */,
			);
			defaultConfigurationIsVisible = 0;
			defaultConfigurationName = Release;
		};
		1495433F235FE98200E034FD /* Build configuration list for PBXNativeTarget "JZDjLib" */ = {
			isa = XCConfigurationList;
			buildConfigurations = (
				14954340235FE98200E034FD /* Debug */,
				14954341235FE98200E034FD /* Release */,
			);
			defaultConfigurationIsVisible = 0;
			defaultConfigurationName = Release;
		};
/* End XCConfigurationList section */
	};
	rootObject = 1495432E235FE98100E034FD /* Project object */;
}
